// !$*UTF8*$!
{
	archiveVersion = 1;
	classes = {
	};
	objectVersion = 52;
	objects = {

/* Begin PBXBuildFile section */
		E2078B7A25FE8ED70041077B /* SecurityKey.swift in Sources */ = {isa = PBXBuildFile; fileRef = E2078B7925FE8ED70041077B /* SecurityKey.swift */; };
		E2078B7B25FE8ED70041077B /* SecurityKey.swift in Sources */ = {isa = PBXBuildFile; fileRef = E2078B7925FE8ED70041077B /* SecurityKey.swift */; };
		E2078B8525FE8EE60041077B /* SecurityKeyView.swift in Sources */ = {isa = PBXBuildFile; fileRef = E2078B8425FE8EE60041077B /* SecurityKeyView.swift */; };
		E2078B8625FE8EE60041077B /* SecurityKeyView.swift in Sources */ = {isa = PBXBuildFile; fileRef = E2078B8425FE8EE60041077B /* SecurityKeyView.swift */; };
		E20984D525F778E000011DBD /* Tests_iOS.swift in Sources */ = {isa = PBXBuildFile; fileRef = E20984D425F778E000011DBD /* Tests_iOS.swift */; };
		E20984E025F778E000011DBD /* Tests_macOS.swift in Sources */ = {isa = PBXBuildFile; fileRef = E20984DF25F778E000011DBD /* Tests_macOS.swift */; };
		E20984E225F778E000011DBD /* crypto.xcdatamodeld in Sources */ = {isa = PBXBuildFile; fileRef = E20984B625F778DA00011DBD /* crypto.xcdatamodeld */; };
		E20984E325F778E000011DBD /* crypto.xcdatamodeld in Sources */ = {isa = PBXBuildFile; fileRef = E20984B625F778DA00011DBD /* crypto.xcdatamodeld */; };
		E20984E425F778E000011DBD /* cryptoApp.swift in Sources */ = {isa = PBXBuildFile; fileRef = E20984B825F778DA00011DBD /* cryptoApp.swift */; };
		E20984E525F778E000011DBD /* cryptoApp.swift in Sources */ = {isa = PBXBuildFile; fileRef = E20984B825F778DA00011DBD /* cryptoApp.swift */; };
		E20984E625F778E000011DBD /* AppView.swift in Sources */ = {isa = PBXBuildFile; fileRef = E20984B925F778DA00011DBD /* AppView.swift */; };
		E20984E725F778E000011DBD /* AppView.swift in Sources */ = {isa = PBXBuildFile; fileRef = E20984B925F778DA00011DBD /* AppView.swift */; };
		E20984E825F778E000011DBD /* Persistence.swift in Sources */ = {isa = PBXBuildFile; fileRef = E20984BA25F778DA00011DBD /* Persistence.swift */; };
		E20984E925F778E000011DBD /* Persistence.swift in Sources */ = {isa = PBXBuildFile; fileRef = E20984BA25F778DA00011DBD /* Persistence.swift */; };
		E20984EA25F778E000011DBD /* Assets.xcassets in Resources */ = {isa = PBXBuildFile; fileRef = E20984BB25F778E000011DBD /* Assets.xcassets */; };
		E212012D2600B35B00414A8D /* ApiSecurityView.swift in Sources */ = {isa = PBXBuildFile; fileRef = E212012C2600B35B00414A8D /* ApiSecurityView.swift */; };
		E212012E2600B35B00414A8D /* ApiSecurityView.swift in Sources */ = {isa = PBXBuildFile; fileRef = E212012C2600B35B00414A8D /* ApiSecurityView.swift */; };
		E212015C260141CF00414A8D /* ConnectedApisView.swift in Sources */ = {isa = PBXBuildFile; fileRef = E212015B260141CF00414A8D /* ConnectedApisView.swift */; };
		E212015D260141CF00414A8D /* ConnectedApisView.swift in Sources */ = {isa = PBXBuildFile; fileRef = E212015B260141CF00414A8D /* ConnectedApisView.swift */; };
		E21201642601428900414A8D /* Rest in Frameworks */ = {isa = PBXBuildFile; productRef = E21201632601428900414A8D /* Rest */; };
		E21201662601428E00414A8D /* Rest in Frameworks */ = {isa = PBXBuildFile; productRef = E21201652601428E00414A8D /* Rest */; };
		E23D67F525FD65510047431E /* ApiSecurity.swift in Sources */ = {isa = PBXBuildFile; fileRef = E23D67F425FD65510047431E /* ApiSecurity.swift */; };
		E23D67F625FD65510047431E /* ApiSecurity.swift in Sources */ = {isa = PBXBuildFile; fileRef = E23D67F425FD65510047431E /* ApiSecurity.swift */; };
		E277408E2651896000E43B32 /* ComposableArchitecture in Frameworks */ = {isa = PBXBuildFile; productRef = E277408D2651896000E43B32 /* ComposableArchitecture */; };
		E2774090265189D300E43B32 /* AppState.swift in Sources */ = {isa = PBXBuildFile; fileRef = E277408F265189D300E43B32 /* AppState.swift */; };
		E2774091265189D300E43B32 /* AppState.swift in Sources */ = {isa = PBXBuildFile; fileRef = E277408F265189D300E43B32 /* AppState.swift */; };
		E27740932651A1CA00E43B32 /* SymbolsState.swift in Sources */ = {isa = PBXBuildFile; fileRef = E27740922651A1CA00E43B32 /* SymbolsState.swift */; };
		E27740942651A1CA00E43B32 /* SymbolsState.swift in Sources */ = {isa = PBXBuildFile; fileRef = E27740922651A1CA00E43B32 /* SymbolsState.swift */; };
		E27740962652945A00E43B32 /* AppReducer.swift in Sources */ = {isa = PBXBuildFile; fileRef = E27740952652945A00E43B32 /* AppReducer.swift */; };
		E27740972652945A00E43B32 /* AppReducer.swift in Sources */ = {isa = PBXBuildFile; fileRef = E27740952652945A00E43B32 /* AppReducer.swift */; };
		E27740992652B16C00E43B32 /* AppEnvironment.swift in Sources */ = {isa = PBXBuildFile; fileRef = E27740982652B16C00E43B32 /* AppEnvironment.swift */; };
		E277409A2652B16C00E43B32 /* AppEnvironment.swift in Sources */ = {isa = PBXBuildFile; fileRef = E27740982652B16C00E43B32 /* AppEnvironment.swift */; };
		E277409C2652BE6900E43B32 /* ScreenState.swift in Sources */ = {isa = PBXBuildFile; fileRef = E277409B2652BE6900E43B32 /* ScreenState.swift */; };
		E277409D2652BE6900E43B32 /* ScreenState.swift in Sources */ = {isa = PBXBuildFile; fileRef = E277409B2652BE6900E43B32 /* ScreenState.swift */; };
		E277409F2653B8F000E43B32 /* ComposableArchitecture in Frameworks */ = {isa = PBXBuildFile; productRef = E277409E2653B8F000E43B32 /* ComposableArchitecture */; };
		E27740A12653D17100E43B32 /* UserDefaults.swift in Sources */ = {isa = PBXBuildFile; fileRef = E27740A02653D17100E43B32 /* UserDefaults.swift */; };
		E27740A22653D17100E43B32 /* UserDefaults.swift in Sources */ = {isa = PBXBuildFile; fileRef = E27740A02653D17100E43B32 /* UserDefaults.swift */; };
		E27740A42654021700E43B32 /* SymbolsEnvironment.swift in Sources */ = {isa = PBXBuildFile; fileRef = E27740A32654021700E43B32 /* SymbolsEnvironment.swift */; };
		E27740A52654021700E43B32 /* SymbolsEnvironment.swift in Sources */ = {isa = PBXBuildFile; fileRef = E27740A32654021700E43B32 /* SymbolsEnvironment.swift */; };
		E279058226120E9A008EE795 /* L10n.swift in Sources */ = {isa = PBXBuildFile; fileRef = E2724FCD2611E864003874AF /* L10n.swift */; };
		E279058726120E9A008EE795 /* L10n.swift in Sources */ = {isa = PBXBuildFile; fileRef = E2724FCD2611E864003874AF /* L10n.swift */; };
		E2790590261211F2008EE795 /* Localizable.stringsdict in Resources */ = {isa = PBXBuildFile; fileRef = E2724FC02611E7D5003874AF /* Localizable.stringsdict */; };
		E2790591261211F2008EE795 /* Localizable.stringsdict in Resources */ = {isa = PBXBuildFile; fileRef = E2724FC02611E7D5003874AF /* Localizable.stringsdict */; };
		E2790596261211F5008EE795 /* Localizable.strings in Resources */ = {isa = PBXBuildFile; fileRef = E2724FC82611E7D8003874AF /* Localizable.strings */; };
		E2790597261211F6008EE795 /* Localizable.strings in Resources */ = {isa = PBXBuildFile; fileRef = E2724FC82611E7D8003874AF /* Localizable.strings */; };
		E279059C2612131B008EE795 /* Assets.xcassets in Resources */ = {isa = PBXBuildFile; fileRef = E20984BB25F778E000011DBD /* Assets.xcassets */; };
		E27905A826146FFA008EE795 /* Binance in Frameworks */ = {isa = PBXBuildFile; productRef = E27905A726146FFA008EE795 /* Binance */; };
		E27905AA26146FFF008EE795 /* Binance in Frameworks */ = {isa = PBXBuildFile; productRef = E27905A926146FFF008EE795 /* Binance */; };
		E2996180260B40B900E5CF91 /* AccentButtonStyle.swift in Sources */ = {isa = PBXBuildFile; fileRef = E299617F260B40B900E5CF91 /* AccentButtonStyle.swift */; };
		E2996189260B40FE00E5CF91 /* AccentButtonStyle.swift in Sources */ = {isa = PBXBuildFile; fileRef = E299617F260B40B900E5CF91 /* AccentButtonStyle.swift */; };
		E29961AF260CF77500E5CF91 /* Colors.swift in Sources */ = {isa = PBXBuildFile; fileRef = E29961AE260CF77500E5CF91 /* Colors.swift */; };
		E29961BC260CF99E00E5CF91 /* Colors.swift in Sources */ = {isa = PBXBuildFile; fileRef = E29961AE260CF77500E5CF91 /* Colors.swift */; };
		E29961C2260D05D200E5CF91 /* AppTabNavigation.swift in Sources */ = {isa = PBXBuildFile; fileRef = E29961C1260D05D200E5CF91 /* AppTabNavigation.swift */; };
		E29961DD260D067B00E5CF91 /* AppSidebarNavigation.swift in Sources */ = {isa = PBXBuildFile; fileRef = E29961DC260D067B00E5CF91 /* AppSidebarNavigation.swift */; };
		E29961DE260D067B00E5CF91 /* AppSidebarNavigation.swift in Sources */ = {isa = PBXBuildFile; fileRef = E29961DC260D067B00E5CF91 /* AppSidebarNavigation.swift */; };
		E29961F5260D0F3A00E5CF91 /* HomeView.swift in Sources */ = {isa = PBXBuildFile; fileRef = E29961F4260D0F3A00E5CF91 /* HomeView.swift */; };
		E29961F6260D0F3A00E5CF91 /* HomeView.swift in Sources */ = {isa = PBXBuildFile; fileRef = E29961F4260D0F3A00E5CF91 /* HomeView.swift */; };
		E29961FC260D0F4200E5CF91 /* AccountView.swift in Sources */ = {isa = PBXBuildFile; fileRef = E29961FB260D0F4200E5CF91 /* AccountView.swift */; };
		E29961FD260D0F4200E5CF91 /* AccountView.swift in Sources */ = {isa = PBXBuildFile; fileRef = E29961FB260D0F4200E5CF91 /* AccountView.swift */; };
		E2996203260D0F6000E5CF91 /* SymbolsView.swift in Sources */ = {isa = PBXBuildFile; fileRef = E2996202260D0F6000E5CF91 /* SymbolsView.swift */; };
		E2996204260D0F6000E5CF91 /* SymbolsView.swift in Sources */ = {isa = PBXBuildFile; fileRef = E2996202260D0F6000E5CF91 /* SymbolsView.swift */; };
		E299620A260D0F9600E5CF91 /* SettingsView.swift in Sources */ = {isa = PBXBuildFile; fileRef = E2996209260D0F9600E5CF91 /* SettingsView.swift */; };
		E299620B260D0F9600E5CF91 /* SettingsView.swift in Sources */ = {isa = PBXBuildFile; fileRef = E2996209260D0F9600E5CF91 /* SettingsView.swift */; };
		E29BAB12260A8D56008E25E9 /* Pasteboard.swift in Sources */ = {isa = PBXBuildFile; fileRef = E29BAB11260A8D56008E25E9 /* Pasteboard.swift */; };
		E29BAB1B260A9147008E25E9 /* Pasteboard.swift in Sources */ = {isa = PBXBuildFile; fileRef = E29BAB11260A8D56008E25E9 /* Pasteboard.swift */; };
		E29BAB21260A919C008E25E9 /* PasteboardFactory.swift in Sources */ = {isa = PBXBuildFile; fileRef = E29BAB20260A919C008E25E9 /* PasteboardFactory.swift */; };
		E29BAB2C260A91DB008E25E9 /* PasteboardFactory.swift in Sources */ = {isa = PBXBuildFile; fileRef = E29BAB26260A91CE008E25E9 /* PasteboardFactory.swift */; };
/* End PBXBuildFile section */

/* Begin PBXContainerItemProxy section */
		E20984D125F778E000011DBD /* PBXContainerItemProxy */ = {
			isa = PBXContainerItemProxy;
			containerPortal = E20984B125F778DA00011DBD /* Project object */;
			proxyType = 1;
			remoteGlobalIDString = E20984BF25F778E000011DBD;
			remoteInfo = "crypto (iOS)";
		};
		E20984DC25F778E000011DBD /* PBXContainerItemProxy */ = {
			isa = PBXContainerItemProxy;
			containerPortal = E20984B125F778DA00011DBD /* Project object */;
			proxyType = 1;
			remoteGlobalIDString = E20984C725F778E000011DBD;
			remoteInfo = "crypto (macOS)";
		};
/* End PBXContainerItemProxy section */

/* Begin PBXFileReference section */
		E2078B4025FE4F690041077B /* crypto.entitlements */ = {isa = PBXFileReference; lastKnownFileType = text.plist.entitlements; path = crypto.entitlements; sourceTree = "<group>"; };
		E2078B7925FE8ED70041077B /* SecurityKey.swift */ = {isa = PBXFileReference; lastKnownFileType = sourcecode.swift; path = SecurityKey.swift; sourceTree = "<group>"; };
		E2078B8425FE8EE60041077B /* SecurityKeyView.swift */ = {isa = PBXFileReference; lastKnownFileType = sourcecode.swift; path = SecurityKeyView.swift; sourceTree = "<group>"; };
		E20984B725F778DA00011DBD /* Shared.xcdatamodel */ = {isa = PBXFileReference; lastKnownFileType = wrapper.xcdatamodel; path = Shared.xcdatamodel; sourceTree = "<group>"; };
		E20984B825F778DA00011DBD /* cryptoApp.swift */ = {isa = PBXFileReference; lastKnownFileType = sourcecode.swift; path = cryptoApp.swift; sourceTree = "<group>"; };
		E20984B925F778DA00011DBD /* AppView.swift */ = {isa = PBXFileReference; lastKnownFileType = sourcecode.swift; path = AppView.swift; sourceTree = "<group>"; };
		E20984BA25F778DA00011DBD /* Persistence.swift */ = {isa = PBXFileReference; lastKnownFileType = sourcecode.swift; path = Persistence.swift; sourceTree = "<group>"; };
		E20984BB25F778E000011DBD /* Assets.xcassets */ = {isa = PBXFileReference; lastKnownFileType = folder.assetcatalog; path = Assets.xcassets; sourceTree = "<group>"; };
		E20984C025F778E000011DBD /* crypto.app */ = {isa = PBXFileReference; explicitFileType = wrapper.application; includeInIndex = 0; path = crypto.app; sourceTree = BUILT_PRODUCTS_DIR; };
		E20984C325F778E000011DBD /* Info.plist */ = {isa = PBXFileReference; lastKnownFileType = text.plist.xml; path = Info.plist; sourceTree = "<group>"; };
		E20984C825F778E000011DBD /* crypto.app */ = {isa = PBXFileReference; explicitFileType = wrapper.application; includeInIndex = 0; path = crypto.app; sourceTree = BUILT_PRODUCTS_DIR; };
		E20984CA25F778E000011DBD /* Info.plist */ = {isa = PBXFileReference; lastKnownFileType = text.plist.xml; path = Info.plist; sourceTree = "<group>"; };
		E20984CB25F778E000011DBD /* macOS.entitlements */ = {isa = PBXFileReference; lastKnownFileType = text.plist.entitlements; path = macOS.entitlements; sourceTree = "<group>"; };
		E20984D025F778E000011DBD /* Tests iOS.xctest */ = {isa = PBXFileReference; explicitFileType = wrapper.cfbundle; includeInIndex = 0; path = "Tests iOS.xctest"; sourceTree = BUILT_PRODUCTS_DIR; };
		E20984D425F778E000011DBD /* Tests_iOS.swift */ = {isa = PBXFileReference; lastKnownFileType = sourcecode.swift; path = Tests_iOS.swift; sourceTree = "<group>"; };
		E20984D625F778E000011DBD /* Info.plist */ = {isa = PBXFileReference; lastKnownFileType = text.plist.xml; path = Info.plist; sourceTree = "<group>"; };
		E20984DB25F778E000011DBD /* Tests macOS.xctest */ = {isa = PBXFileReference; explicitFileType = wrapper.cfbundle; includeInIndex = 0; path = "Tests macOS.xctest"; sourceTree = BUILT_PRODUCTS_DIR; };
		E20984DF25F778E000011DBD /* Tests_macOS.swift */ = {isa = PBXFileReference; lastKnownFileType = sourcecode.swift; path = Tests_macOS.swift; sourceTree = "<group>"; };
		E20984E125F778E000011DBD /* Info.plist */ = {isa = PBXFileReference; lastKnownFileType = text.plist.xml; path = Info.plist; sourceTree = "<group>"; };
		E209853125F77AC100011DBD /* Rest */ = {isa = PBXFileReference; lastKnownFileType = folder; path = Rest; sourceTree = "<group>"; };
		E212012C2600B35B00414A8D /* ApiSecurityView.swift */ = {isa = PBXFileReference; lastKnownFileType = sourcecode.swift; path = ApiSecurityView.swift; sourceTree = "<group>"; };
		E212015B260141CF00414A8D /* ConnectedApisView.swift */ = {isa = PBXFileReference; lastKnownFileType = sourcecode.swift; path = ConnectedApisView.swift; sourceTree = "<group>"; };
		E23D67F425FD65510047431E /* ApiSecurity.swift */ = {isa = PBXFileReference; lastKnownFileType = sourcecode.swift; path = ApiSecurity.swift; sourceTree = "<group>"; };
		E2724FBF2611E7D5003874AF /* en */ = {isa = PBXFileReference; lastKnownFileType = text.plist.stringsdict; name = en; path = en.lproj/Localizable.stringsdict; sourceTree = "<group>"; };
		E2724FC72611E7D8003874AF /* en */ = {isa = PBXFileReference; lastKnownFileType = text.plist.strings; name = en; path = en.lproj/Localizable.strings; sourceTree = "<group>"; };
		E2724FCD2611E864003874AF /* L10n.swift */ = {isa = PBXFileReference; lastKnownFileType = sourcecode.swift; path = L10n.swift; sourceTree = "<group>"; };
		E277408F265189D300E43B32 /* AppState.swift */ = {isa = PBXFileReference; lastKnownFileType = sourcecode.swift; path = AppState.swift; sourceTree = "<group>"; };
		E27740922651A1CA00E43B32 /* SymbolsState.swift */ = {isa = PBXFileReference; lastKnownFileType = sourcecode.swift; path = SymbolsState.swift; sourceTree = "<group>"; };
		E27740952652945A00E43B32 /* AppReducer.swift */ = {isa = PBXFileReference; lastKnownFileType = sourcecode.swift; path = AppReducer.swift; sourceTree = "<group>"; };
		E27740982652B16C00E43B32 /* AppEnvironment.swift */ = {isa = PBXFileReference; lastKnownFileType = sourcecode.swift; path = AppEnvironment.swift; sourceTree = "<group>"; };
		E277409B2652BE6900E43B32 /* ScreenState.swift */ = {isa = PBXFileReference; lastKnownFileType = sourcecode.swift; path = ScreenState.swift; sourceTree = "<group>"; };
		E27740A02653D17100E43B32 /* UserDefaults.swift */ = {isa = PBXFileReference; lastKnownFileType = sourcecode.swift; path = UserDefaults.swift; sourceTree = "<group>"; };
		E27740A32654021700E43B32 /* SymbolsEnvironment.swift */ = {isa = PBXFileReference; lastKnownFileType = sourcecode.swift; path = SymbolsEnvironment.swift; sourceTree = "<group>"; };
		E27905A226131ECA008EE795 /* Binance */ = {isa = PBXFileReference; lastKnownFileType = folder; path = Binance; sourceTree = "<group>"; };
		E299617F260B40B900E5CF91 /* AccentButtonStyle.swift */ = {isa = PBXFileReference; lastKnownFileType = sourcecode.swift; path = AccentButtonStyle.swift; sourceTree = "<group>"; };
		E29961AE260CF77500E5CF91 /* Colors.swift */ = {isa = PBXFileReference; lastKnownFileType = sourcecode.swift; path = Colors.swift; sourceTree = "<group>"; };
		E29961C1260D05D200E5CF91 /* AppTabNavigation.swift */ = {isa = PBXFileReference; fileEncoding = 4; lastKnownFileType = sourcecode.swift; path = AppTabNavigation.swift; sourceTree = "<group>"; };
		E29961DC260D067B00E5CF91 /* AppSidebarNavigation.swift */ = {isa = PBXFileReference; fileEncoding = 4; lastKnownFileType = sourcecode.swift; path = AppSidebarNavigation.swift; sourceTree = "<group>"; };
		E29961F4260D0F3A00E5CF91 /* HomeView.swift */ = {isa = PBXFileReference; lastKnownFileType = sourcecode.swift; path = HomeView.swift; sourceTree = "<group>"; };
		E29961FB260D0F4200E5CF91 /* AccountView.swift */ = {isa = PBXFileReference; lastKnownFileType = sourcecode.swift; path = AccountView.swift; sourceTree = "<group>"; };
		E2996202260D0F6000E5CF91 /* SymbolsView.swift */ = {isa = PBXFileReference; lastKnownFileType = sourcecode.swift; path = SymbolsView.swift; sourceTree = "<group>"; };
		E2996209260D0F9600E5CF91 /* SettingsView.swift */ = {isa = PBXFileReference; lastKnownFileType = sourcecode.swift; path = SettingsView.swift; sourceTree = "<group>"; };
		E29BAB11260A8D56008E25E9 /* Pasteboard.swift */ = {isa = PBXFileReference; lastKnownFileType = sourcecode.swift; path = Pasteboard.swift; sourceTree = "<group>"; };
		E29BAB20260A919C008E25E9 /* PasteboardFactory.swift */ = {isa = PBXFileReference; lastKnownFileType = sourcecode.swift; path = PasteboardFactory.swift; sourceTree = "<group>"; };
		E29BAB26260A91CE008E25E9 /* PasteboardFactory.swift */ = {isa = PBXFileReference; lastKnownFileType = sourcecode.swift; path = PasteboardFactory.swift; sourceTree = "<group>"; };
/* End PBXFileReference section */

/* Begin PBXFrameworksBuildPhase section */
		E20984BD25F778E000011DBD /* Frameworks */ = {
			isa = PBXFrameworksBuildPhase;
			buildActionMask = 2147483647;
			files = (
				E21201642601428900414A8D /* Rest in Frameworks */,
				E27905A826146FFA008EE795 /* Binance in Frameworks */,
				E277408E2651896000E43B32 /* ComposableArchitecture in Frameworks */,
			);
			runOnlyForDeploymentPostprocessing = 0;
		};
		E20984C525F778E000011DBD /* Frameworks */ = {
			isa = PBXFrameworksBuildPhase;
			buildActionMask = 2147483647;
			files = (
				E21201662601428E00414A8D /* Rest in Frameworks */,
				E27905AA26146FFF008EE795 /* Binance in Frameworks */,
				E277409F2653B8F000E43B32 /* ComposableArchitecture in Frameworks */,
			);
			runOnlyForDeploymentPostprocessing = 0;
		};
		E20984CD25F778E000011DBD /* Frameworks */ = {
			isa = PBXFrameworksBuildPhase;
			buildActionMask = 2147483647;
			files = (
			);
			runOnlyForDeploymentPostprocessing = 0;
		};
		E20984D825F778E000011DBD /* Frameworks */ = {
			isa = PBXFrameworksBuildPhase;
			buildActionMask = 2147483647;
			files = (
			);
			runOnlyForDeploymentPostprocessing = 0;
		};
/* End PBXFrameworksBuildPhase section */

/* Begin PBXGroup section */
		E2078B8F25FE8EFA0041077B /* SecurityKey */ = {
			isa = PBXGroup;
			children = (
				E2078B7925FE8ED70041077B /* SecurityKey.swift */,
				E2078B8425FE8EE60041077B /* SecurityKeyView.swift */,
			);
			path = SecurityKey;
			sourceTree = "<group>";
		};
		E2078B9F25FE8FAF0041077B /* ApiSecurity */ = {
			isa = PBXGroup;
			children = (
				E23D67F425FD65510047431E /* ApiSecurity.swift */,
				E212012C2600B35B00414A8D /* ApiSecurityView.swift */,
			);
			path = ApiSecurity;
			sourceTree = "<group>";
		};
		E20984B025F778DA00011DBD = {
			isa = PBXGroup;
			children = (
				E2078B4025FE4F690041077B /* crypto.entitlements */,
				E20984B525F778DA00011DBD /* Shared */,
				E20984C225F778E000011DBD /* iOS */,
				E20984C925F778E000011DBD /* macOS */,
				E20984D325F778E000011DBD /* Tests iOS */,
				E20984DE25F778E000011DBD /* Tests macOS */,
				E20984C125F778E000011DBD /* Products */,
				E209850325F77A0C00011DBD /* Packages */,
				E21201622601428900414A8D /* Frameworks */,
			);
			sourceTree = "<group>";
		};
		E20984B525F778DA00011DBD /* Shared */ = {
			isa = PBXGroup;
			children = (
				E29961CC260D05FD00E5CF91 /* App */,
				E2996170260B409700E5CF91 /* Design */,
				E29961CD260D061D00E5CF91 /* Resources */,
				E29BAB10260A8D4C008E25E9 /* Utilities */,
				E20984BA25F778DA00011DBD /* Persistence.swift */,
				E20984B625F778DA00011DBD /* crypto.xcdatamodeld */,
			);
			path = Shared;
			sourceTree = "<group>";
		};
		E20984C125F778E000011DBD /* Products */ = {
			isa = PBXGroup;
			children = (
				E20984C025F778E000011DBD /* crypto.app */,
				E20984C825F778E000011DBD /* crypto.app */,
				E20984D025F778E000011DBD /* Tests iOS.xctest */,
				E20984DB25F778E000011DBD /* Tests macOS.xctest */,
			);
			name = Products;
			sourceTree = "<group>";
		};
		E20984C225F778E000011DBD /* iOS */ = {
			isa = PBXGroup;
			children = (
				E29961C7260D05DA00E5CF91 /* App */,
				E29BAB37260A9395008E25E9 /* Extensions */,
				E29BAB36260A9369008E25E9 /* Utilities */,
				E20984C325F778E000011DBD /* Info.plist */,
			);
			path = iOS;
			sourceTree = "<group>";
		};
		E20984C925F778E000011DBD /* macOS */ = {
			isa = PBXGroup;
			children = (
				E29BAB3C260A93D1008E25E9 /* Extensions */,
				E29BAB35260A935E008E25E9 /* Utilitites */,
				E20984CA25F778E000011DBD /* Info.plist */,
				E20984CB25F778E000011DBD /* macOS.entitlements */,
			);
			path = macOS;
			sourceTree = "<group>";
		};
		E20984D325F778E000011DBD /* Tests iOS */ = {
			isa = PBXGroup;
			children = (
				E20984D425F778E000011DBD /* Tests_iOS.swift */,
				E20984D625F778E000011DBD /* Info.plist */,
			);
			path = "Tests iOS";
			sourceTree = "<group>";
		};
		E20984DE25F778E000011DBD /* Tests macOS */ = {
			isa = PBXGroup;
			children = (
				E20984DF25F778E000011DBD /* Tests_macOS.swift */,
				E20984E125F778E000011DBD /* Info.plist */,
			);
			path = "Tests macOS";
			sourceTree = "<group>";
		};
		E209850325F77A0C00011DBD /* Packages */ = {
			isa = PBXGroup;
			children = (
				E27905A226131ECA008EE795 /* Binance */,
				E209853125F77AC100011DBD /* Rest */,
			);
			path = Packages;
			sourceTree = "<group>";
		};
		E2120155260140FC00414A8D /* Settings */ = {
			isa = PBXGroup;
			children = (
				E2996209260D0F9600E5CF91 /* SettingsView.swift */,
				E21201562601410200414A8D /* ConnectedApis */,
			);
			path = Settings;
			sourceTree = "<group>";
		};
		E21201562601410200414A8D /* ConnectedApis */ = {
			isa = PBXGroup;
			children = (
				E212015B260141CF00414A8D /* ConnectedApisView.swift */,
				E2078B9F25FE8FAF0041077B /* ApiSecurity */,
				E2078B8F25FE8EFA0041077B /* SecurityKey */,
			);
			path = ConnectedApis;
			sourceTree = "<group>";
		};
		E21201622601428900414A8D /* Frameworks */ = {
			isa = PBXGroup;
			children = (
			);
			name = Frameworks;
			sourceTree = "<group>";
		};
		E2996170260B409700E5CF91 /* Design */ = {
			isa = PBXGroup;
			children = (
				E29961AD260CF76500E5CF91 /* Styles */,
				E29961AC260CF76000E5CF91 /* Tokens */,
			);
			path = Design;
			sourceTree = "<group>";
		};
		E29961AC260CF76000E5CF91 /* Tokens */ = {
			isa = PBXGroup;
			children = (
				E20984BB25F778E000011DBD /* Assets.xcassets */,
				E29961AE260CF77500E5CF91 /* Colors.swift */,
			);
			path = Tokens;
			sourceTree = "<group>";
		};
		E29961AD260CF76500E5CF91 /* Styles */ = {
			isa = PBXGroup;
			children = (
				E299617F260B40B900E5CF91 /* AccentButtonStyle.swift */,
			);
			path = Styles;
			sourceTree = "<group>";
		};
		E29961C7260D05DA00E5CF91 /* App */ = {
			isa = PBXGroup;
			children = (
				E29961D2260D066500E5CF91 /* Navigation */,
			);
			path = App;
			sourceTree = "<group>";
		};
		E29961CC260D05FD00E5CF91 /* App */ = {
			isa = PBXGroup;
			children = (
				E277408F265189D300E43B32 /* AppState.swift */,
				E27740982652B16C00E43B32 /* AppEnvironment.swift */,
				E27740952652945A00E43B32 /* AppReducer.swift */,
				E20984B825F778DA00011DBD /* cryptoApp.swift */,
				E29961DB260D067000E5CF91 /* Navigation */,
				E29961EC260D0E0C00E5CF91 /* Screens */,
			);
			path = App;
			sourceTree = "<group>";
		};
		E29961CD260D061D00E5CF91 /* Resources */ = {
			isa = PBXGroup;
			children = (
				E2724FCD2611E864003874AF /* L10n.swift */,
				E2724FC02611E7D5003874AF /* Localizable.stringsdict */,
				E2724FC82611E7D8003874AF /* Localizable.strings */,
			);
			path = Resources;
			sourceTree = "<group>";
		};
		E29961D2260D066500E5CF91 /* Navigation */ = {
			isa = PBXGroup;
			children = (
				E29961C1260D05D200E5CF91 /* AppTabNavigation.swift */,
			);
			path = Navigation;
			sourceTree = "<group>";
		};
		E29961DB260D067000E5CF91 /* Navigation */ = {
			isa = PBXGroup;
			children = (
				E29961DC260D067B00E5CF91 /* AppSidebarNavigation.swift */,
				E20984B925F778DA00011DBD /* AppView.swift */,
			);
			path = Navigation;
			sourceTree = "<group>";
		};
		E29961EC260D0E0C00E5CF91 /* Screens */ = {
			isa = PBXGroup;
			children = (
				E277409B2652BE6900E43B32 /* ScreenState.swift */,
				E29961ED260D0E8200E5CF91 /* Home */,
				E29961EF260D0ECF00E5CF91 /* Account */,
				E29961EE260D0E8700E5CF91 /* Market */,
				E2120155260140FC00414A8D /* Settings */,
			);
			path = Screens;
			sourceTree = "<group>";
		};
		E29961ED260D0E8200E5CF91 /* Home */ = {
			isa = PBXGroup;
			children = (
				E29961F4260D0F3A00E5CF91 /* HomeView.swift */,
			);
			path = Home;
			sourceTree = "<group>";
		};
		E29961EE260D0E8700E5CF91 /* Market */ = {
			isa = PBXGroup;
			children = (
				E27740922651A1CA00E43B32 /* SymbolsState.swift */,
				E27740A32654021700E43B32 /* SymbolsEnvironment.swift */,
				E2996202260D0F6000E5CF91 /* SymbolsView.swift */,
			);
			path = Market;
			sourceTree = "<group>";
		};
		E29961EF260D0ECF00E5CF91 /* Account */ = {
			isa = PBXGroup;
			children = (
				E29961FB260D0F4200E5CF91 /* AccountView.swift */,
			);
			name = Account;
			path = "New Group";
			sourceTree = "<group>";
		};
		E29BAB10260A8D4C008E25E9 /* Utilities */ = {
			isa = PBXGroup;
			children = (
				E29BAB11260A8D56008E25E9 /* Pasteboard.swift */,
				E27740A02653D17100E43B32 /* UserDefaults.swift */,
			);
			path = Utilities;
			sourceTree = "<group>";
		};
		E29BAB35260A935E008E25E9 /* Utilitites */ = {
			isa = PBXGroup;
			children = (
				E29BAB26260A91CE008E25E9 /* PasteboardFactory.swift */,
			);
			path = Utilitites;
			sourceTree = "<group>";
		};
		E29BAB36260A9369008E25E9 /* Utilities */ = {
			isa = PBXGroup;
			children = (
				E29BAB20260A919C008E25E9 /* PasteboardFactory.swift */,
			);
			path = Utilities;
			sourceTree = "<group>";
		};
		E29BAB37260A9395008E25E9 /* Extensions */ = {
			isa = PBXGroup;
			children = (
			);
			path = Extensions;
			sourceTree = "<group>";
		};
		E29BAB3C260A93D1008E25E9 /* Extensions */ = {
			isa = PBXGroup;
			children = (
			);
			path = Extensions;
			sourceTree = "<group>";
		};
/* End PBXGroup section */

/* Begin PBXNativeTarget section */
		E20984BF25F778E000011DBD /* crypto (iOS) */ = {
			isa = PBXNativeTarget;
			buildConfigurationList = E20984EE25F778E000011DBD /* Build configuration list for PBXNativeTarget "crypto (iOS)" */;
			buildPhases = (
				E20984BC25F778E000011DBD /* Sources */,
				E20984BD25F778E000011DBD /* Frameworks */,
				E20984BE25F778E000011DBD /* Resources */,
			);
			buildRules = (
			);
			dependencies = (
			);
			name = "crypto (iOS)";
			packageProductDependencies = (
				E21201632601428900414A8D /* Rest */,
				E27905A726146FFA008EE795 /* Binance */,
				E277408D2651896000E43B32 /* ComposableArchitecture */,
			);
			productName = "crypto (iOS)";
			productReference = E20984C025F778E000011DBD /* crypto.app */;
			productType = "com.apple.product-type.application";
		};
		E20984C725F778E000011DBD /* crypto (macOS) */ = {
			isa = PBXNativeTarget;
			buildConfigurationList = E20984F125F778E000011DBD /* Build configuration list for PBXNativeTarget "crypto (macOS)" */;
			buildPhases = (
				E20984C425F778E000011DBD /* Sources */,
				E20984C525F778E000011DBD /* Frameworks */,
				E20984C625F778E000011DBD /* Resources */,
			);
			buildRules = (
			);
			dependencies = (
			);
			name = "crypto (macOS)";
			packageProductDependencies = (
				E21201652601428E00414A8D /* Rest */,
				E27905A926146FFF008EE795 /* Binance */,
				E277409E2653B8F000E43B32 /* ComposableArchitecture */,
			);
			productName = "crypto (macOS)";
			productReference = E20984C825F778E000011DBD /* crypto.app */;
			productType = "com.apple.product-type.application";
		};
		E20984CF25F778E000011DBD /* Tests iOS */ = {
			isa = PBXNativeTarget;
			buildConfigurationList = E20984F425F778E000011DBD /* Build configuration list for PBXNativeTarget "Tests iOS" */;
			buildPhases = (
				E20984CC25F778E000011DBD /* Sources */,
				E20984CD25F778E000011DBD /* Frameworks */,
				E20984CE25F778E000011DBD /* Resources */,
			);
			buildRules = (
			);
			dependencies = (
				E20984D225F778E000011DBD /* PBXTargetDependency */,
			);
			name = "Tests iOS";
			productName = "Tests iOS";
			productReference = E20984D025F778E000011DBD /* Tests iOS.xctest */;
			productType = "com.apple.product-type.bundle.ui-testing";
		};
		E20984DA25F778E000011DBD /* Tests macOS */ = {
			isa = PBXNativeTarget;
			buildConfigurationList = E20984F725F778E000011DBD /* Build configuration list for PBXNativeTarget "Tests macOS" */;
			buildPhases = (
				E20984D725F778E000011DBD /* Sources */,
				E20984D825F778E000011DBD /* Frameworks */,
				E20984D925F778E000011DBD /* Resources */,
			);
			buildRules = (
			);
			dependencies = (
				E20984DD25F778E000011DBD /* PBXTargetDependency */,
			);
			name = "Tests macOS";
			productName = "Tests macOS";
			productReference = E20984DB25F778E000011DBD /* Tests macOS.xctest */;
			productType = "com.apple.product-type.bundle.ui-testing";
		};
/* End PBXNativeTarget section */

/* Begin PBXProject section */
		E20984B125F778DA00011DBD /* Project object */ = {
			isa = PBXProject;
			attributes = {
				LastSwiftUpdateCheck = 1240;
				LastUpgradeCheck = 1240;
				TargetAttributes = {
					E20984BF25F778E000011DBD = {
						CreatedOnToolsVersion = 12.4;
					};
					E20984C725F778E000011DBD = {
						CreatedOnToolsVersion = 12.4;
					};
					E20984CF25F778E000011DBD = {
						CreatedOnToolsVersion = 12.4;
						TestTargetID = E20984BF25F778E000011DBD;
					};
					E20984DA25F778E000011DBD = {
						CreatedOnToolsVersion = 12.4;
						TestTargetID = E20984C725F778E000011DBD;
					};
				};
			};
			buildConfigurationList = E20984B425F778DA00011DBD /* Build configuration list for PBXProject "crypto" */;
			compatibilityVersion = "Xcode 9.3";
			developmentRegion = en;
			hasScannedForEncodings = 0;
			knownRegions = (
				en,
				Base,
			);
			mainGroup = E20984B025F778DA00011DBD;
			packageReferences = (
				E277408C2651896000E43B32 /* XCRemoteSwiftPackageReference "swift-composable-architecture" */,
			);
			productRefGroup = E20984C125F778E000011DBD /* Products */;
			projectDirPath = "";
			projectRoot = "";
			targets = (
				E20984BF25F778E000011DBD /* crypto (iOS) */,
				E20984C725F778E000011DBD /* crypto (macOS) */,
				E20984CF25F778E000011DBD /* Tests iOS */,
				E20984DA25F778E000011DBD /* Tests macOS */,
			);
		};
/* End PBXProject section */

/* Begin PBXResourcesBuildPhase section */
		E20984BE25F778E000011DBD /* Resources */ = {
			isa = PBXResourcesBuildPhase;
			buildActionMask = 2147483647;
			files = (
				E20984EA25F778E000011DBD /* Assets.xcassets in Resources */,
				E2790596261211F5008EE795 /* Localizable.strings in Resources */,
				E2790590261211F2008EE795 /* Localizable.stringsdict in Resources */,
			);
			runOnlyForDeploymentPostprocessing = 0;
		};
		E20984C625F778E000011DBD /* Resources */ = {
			isa = PBXResourcesBuildPhase;
			buildActionMask = 2147483647;
			files = (
				E2790591261211F2008EE795 /* Localizable.stringsdict in Resources */,
				E279059C2612131B008EE795 /* Assets.xcassets in Resources */,
				E2790597261211F6008EE795 /* Localizable.strings in Resources */,
			);
			runOnlyForDeploymentPostprocessing = 0;
		};
		E20984CE25F778E000011DBD /* Resources */ = {
			isa = PBXResourcesBuildPhase;
			buildActionMask = 2147483647;
			files = (
			);
			runOnlyForDeploymentPostprocessing = 0;
		};
		E20984D925F778E000011DBD /* Resources */ = {
			isa = PBXResourcesBuildPhase;
			buildActionMask = 2147483647;
			files = (
			);
			runOnlyForDeploymentPostprocessing = 0;
		};
/* End PBXResourcesBuildPhase section */

/* Begin PBXSourcesBuildPhase section */
		E20984BC25F778E000011DBD /* Sources */ = {
			isa = PBXSourcesBuildPhase;
			buildActionMask = 2147483647;
			files = (
				E20984E425F778E000011DBD /* cryptoApp.swift in Sources */,
				E23D67F525FD65510047431E /* ApiSecurity.swift in Sources */,
				E2078B7A25FE8ED70041077B /* SecurityKey.swift in Sources */,
				E29961FC260D0F4200E5CF91 /* AccountView.swift in Sources */,
				E27740962652945A00E43B32 /* AppReducer.swift in Sources */,
				E27740992652B16C00E43B32 /* AppEnvironment.swift in Sources */,
				E279058226120E9A008EE795 /* L10n.swift in Sources */,
				E29961AF260CF77500E5CF91 /* Colors.swift in Sources */,
				E2996203260D0F6000E5CF91 /* SymbolsView.swift in Sources */,
				E29BAB21260A919C008E25E9 /* PasteboardFactory.swift in Sources */,
				E277409C2652BE6900E43B32 /* ScreenState.swift in Sources */,
				E20984E825F778E000011DBD /* Persistence.swift in Sources */,
				E27740A12653D17100E43B32 /* UserDefaults.swift in Sources */,
				E2774090265189D300E43B32 /* AppState.swift in Sources */,
				E212012D2600B35B00414A8D /* ApiSecurityView.swift in Sources */,
				E29961C2260D05D200E5CF91 /* AppTabNavigation.swift in Sources */,
				E29961DD260D067B00E5CF91 /* AppSidebarNavigation.swift in Sources */,
				E20984E225F778E000011DBD /* crypto.xcdatamodeld in Sources */,
				E20984E625F778E000011DBD /* AppView.swift in Sources */,
				E2078B8525FE8EE60041077B /* SecurityKeyView.swift in Sources */,
				E212015C260141CF00414A8D /* ConnectedApisView.swift in Sources */,
				E27740932651A1CA00E43B32 /* SymbolsState.swift in Sources */,
				E29961F5260D0F3A00E5CF91 /* HomeView.swift in Sources */,
				E27740A42654021700E43B32 /* SymbolsEnvironment.swift in Sources */,
				E29BAB12260A8D56008E25E9 /* Pasteboard.swift in Sources */,
				E2996180260B40B900E5CF91 /* AccentButtonStyle.swift in Sources */,
				E299620A260D0F9600E5CF91 /* SettingsView.swift in Sources */,
			);
			runOnlyForDeploymentPostprocessing = 0;
		};
		E20984C425F778E000011DBD /* Sources */ = {
			isa = PBXSourcesBuildPhase;
			buildActionMask = 2147483647;
			files = (
				E23D67F625FD65510047431E /* ApiSecurity.swift in Sources */,
				E2996204260D0F6000E5CF91 /* SymbolsView.swift in Sources */,
				E20984E525F778E000011DBD /* cryptoApp.swift in Sources */,
				E277409A2652B16C00E43B32 /* AppEnvironment.swift in Sources */,
				E299620B260D0F9600E5CF91 /* SettingsView.swift in Sources */,
				E2996189260B40FE00E5CF91 /* AccentButtonStyle.swift in Sources */,
				E29961F6260D0F3A00E5CF91 /* HomeView.swift in Sources */,
				E29961FD260D0F4200E5CF91 /* AccountView.swift in Sources */,
				E2078B7B25FE8ED70041077B /* SecurityKey.swift in Sources */,
				E27740942651A1CA00E43B32 /* SymbolsState.swift in Sources */,
				E29BAB2C260A91DB008E25E9 /* PasteboardFactory.swift in Sources */,
				E20984E925F778E000011DBD /* Persistence.swift in Sources */,
				E20984E325F778E000011DBD /* crypto.xcdatamodeld in Sources */,
				E277409D2652BE6900E43B32 /* ScreenState.swift in Sources */,
				E27740972652945A00E43B32 /* AppReducer.swift in Sources */,
				E27740A22653D17100E43B32 /* UserDefaults.swift in Sources */,
				E2774091265189D300E43B32 /* AppState.swift in Sources */,
				E212012E2600B35B00414A8D /* ApiSecurityView.swift in Sources */,
				E29961BC260CF99E00E5CF91 /* Colors.swift in Sources */,
				E2078B8625FE8EE60041077B /* SecurityKeyView.swift in Sources */,
				E27740A52654021700E43B32 /* SymbolsEnvironment.swift in Sources */,
				E20984E725F778E000011DBD /* AppView.swift in Sources */,
				E212015D260141CF00414A8D /* ConnectedApisView.swift in Sources */,
				E29961DE260D067B00E5CF91 /* AppSidebarNavigation.swift in Sources */,
				E29BAB1B260A9147008E25E9 /* Pasteboard.swift in Sources */,
				E279058726120E9A008EE795 /* L10n.swift in Sources */,
			);
			runOnlyForDeploymentPostprocessing = 0;
		};
		E20984CC25F778E000011DBD /* Sources */ = {
			isa = PBXSourcesBuildPhase;
			buildActionMask = 2147483647;
			files = (
				E20984D525F778E000011DBD /* Tests_iOS.swift in Sources */,
			);
			runOnlyForDeploymentPostprocessing = 0;
		};
		E20984D725F778E000011DBD /* Sources */ = {
			isa = PBXSourcesBuildPhase;
			buildActionMask = 2147483647;
			files = (
				E20984E025F778E000011DBD /* Tests_macOS.swift in Sources */,
			);
			runOnlyForDeploymentPostprocessing = 0;
		};
/* End PBXSourcesBuildPhase section */

/* Begin PBXTargetDependency section */
		E20984D225F778E000011DBD /* PBXTargetDependency */ = {
			isa = PBXTargetDependency;
			target = E20984BF25F778E000011DBD /* crypto (iOS) */;
			targetProxy = E20984D125F778E000011DBD /* PBXContainerItemProxy */;
		};
		E20984DD25F778E000011DBD /* PBXTargetDependency */ = {
			isa = PBXTargetDependency;
			target = E20984C725F778E000011DBD /* crypto (macOS) */;
			targetProxy = E20984DC25F778E000011DBD /* PBXContainerItemProxy */;
		};
/* End PBXTargetDependency section */

/* Begin PBXVariantGroup section */
		E2724FC02611E7D5003874AF /* Localizable.stringsdict */ = {
			isa = PBXVariantGroup;
			children = (
				E2724FBF2611E7D5003874AF /* en */,
			);
			name = Localizable.stringsdict;
			sourceTree = "<group>";
		};
		E2724FC82611E7D8003874AF /* Localizable.strings */ = {
			isa = PBXVariantGroup;
			children = (
				E2724FC72611E7D8003874AF /* en */,
			);
			name = Localizable.strings;
			sourceTree = "<group>";
		};
/* End PBXVariantGroup section */

/* Begin XCBuildConfiguration section */
		E20984EC25F778E000011DBD /* Debug */ = {
			isa = XCBuildConfiguration;
			buildSettings = {
				ALWAYS_SEARCH_USER_PATHS = NO;
				CLANG_ANALYZER_NONNULL = YES;
				CLANG_ANALYZER_NUMBER_OBJECT_CONVERSION = YES_AGGRESSIVE;
				CLANG_CXX_LANGUAGE_STANDARD = "gnu++14";
				CLANG_CXX_LIBRARY = "libc++";
				CLANG_ENABLE_MODULES = YES;
				CLANG_ENABLE_OBJC_ARC = YES;
				CLANG_ENABLE_OBJC_WEAK = YES;
				CLANG_WARN_BLOCK_CAPTURE_AUTORELEASING = YES;
				CLANG_WARN_BOOL_CONVERSION = YES;
				CLANG_WARN_COMMA = YES;
				CLANG_WARN_CONSTANT_CONVERSION = YES;
				CLANG_WARN_DEPRECATED_OBJC_IMPLEMENTATIONS = YES;
				CLANG_WARN_DIRECT_OBJC_ISA_USAGE = YES_ERROR;
				CLANG_WARN_DOCUMENTATION_COMMENTS = YES;
				CLANG_WARN_EMPTY_BODY = YES;
				CLANG_WARN_ENUM_CONVERSION = YES;
				CLANG_WARN_INFINITE_RECURSION = YES;
				CLANG_WARN_INT_CONVERSION = YES;
				CLANG_WARN_NON_LITERAL_NULL_CONVERSION = YES;
				CLANG_WARN_OBJC_IMPLICIT_RETAIN_SELF = YES;
				CLANG_WARN_OBJC_LITERAL_CONVERSION = YES;
				CLANG_WARN_OBJC_ROOT_CLASS = YES_ERROR;
				CLANG_WARN_QUOTED_INCLUDE_IN_FRAMEWORK_HEADER = YES;
				CLANG_WARN_RANGE_LOOP_ANALYSIS = YES;
				CLANG_WARN_STRICT_PROTOTYPES = YES;
				CLANG_WARN_SUSPICIOUS_MOVE = YES;
				CLANG_WARN_UNGUARDED_AVAILABILITY = YES_AGGRESSIVE;
				CLANG_WARN_UNREACHABLE_CODE = YES;
				CLANG_WARN__DUPLICATE_METHOD_MATCH = YES;
				COPY_PHASE_STRIP = NO;
				DEBUG_INFORMATION_FORMAT = dwarf;
				ENABLE_STRICT_OBJC_MSGSEND = YES;
				ENABLE_TESTABILITY = YES;
				GCC_C_LANGUAGE_STANDARD = gnu11;
				GCC_DYNAMIC_NO_PIC = NO;
				GCC_NO_COMMON_BLOCKS = YES;
				GCC_OPTIMIZATION_LEVEL = 0;
				GCC_PREPROCESSOR_DEFINITIONS = (
					"DEBUG=1",
					"$(inherited)",
				);
				GCC_WARN_64_TO_32_BIT_CONVERSION = YES;
				GCC_WARN_ABOUT_RETURN_TYPE = YES_ERROR;
				GCC_WARN_UNDECLARED_SELECTOR = YES;
				GCC_WARN_UNINITIALIZED_AUTOS = YES_AGGRESSIVE;
				GCC_WARN_UNUSED_FUNCTION = YES;
				GCC_WARN_UNUSED_VARIABLE = YES;
				MTL_ENABLE_DEBUG_INFO = INCLUDE_SOURCE;
				MTL_FAST_MATH = YES;
				ONLY_ACTIVE_ARCH = YES;
				SWIFT_ACTIVE_COMPILATION_CONDITIONS = DEBUG;
				SWIFT_OPTIMIZATION_LEVEL = "-Onone";
			};
			name = Debug;
		};
		E20984ED25F778E000011DBD /* Release */ = {
			isa = XCBuildConfiguration;
			buildSettings = {
				ALWAYS_SEARCH_USER_PATHS = NO;
				CLANG_ANALYZER_NONNULL = YES;
				CLANG_ANALYZER_NUMBER_OBJECT_CONVERSION = YES_AGGRESSIVE;
				CLANG_CXX_LANGUAGE_STANDARD = "gnu++14";
				CLANG_CXX_LIBRARY = "libc++";
				CLANG_ENABLE_MODULES = YES;
				CLANG_ENABLE_OBJC_ARC = YES;
				CLANG_ENABLE_OBJC_WEAK = YES;
				CLANG_WARN_BLOCK_CAPTURE_AUTORELEASING = YES;
				CLANG_WARN_BOOL_CONVERSION = YES;
				CLANG_WARN_COMMA = YES;
				CLANG_WARN_CONSTANT_CONVERSION = YES;
				CLANG_WARN_DEPRECATED_OBJC_IMPLEMENTATIONS = YES;
				CLANG_WARN_DIRECT_OBJC_ISA_USAGE = YES_ERROR;
				CLANG_WARN_DOCUMENTATION_COMMENTS = YES;
				CLANG_WARN_EMPTY_BODY = YES;
				CLANG_WARN_ENUM_CONVERSION = YES;
				CLANG_WARN_INFINITE_RECURSION = YES;
				CLANG_WARN_INT_CONVERSION = YES;
				CLANG_WARN_NON_LITERAL_NULL_CONVERSION = YES;
				CLANG_WARN_OBJC_IMPLICIT_RETAIN_SELF = YES;
				CLANG_WARN_OBJC_LITERAL_CONVERSION = YES;
				CLANG_WARN_OBJC_ROOT_CLASS = YES_ERROR;
				CLANG_WARN_QUOTED_INCLUDE_IN_FRAMEWORK_HEADER = YES;
				CLANG_WARN_RANGE_LOOP_ANALYSIS = YES;
				CLANG_WARN_STRICT_PROTOTYPES = YES;
				CLANG_WARN_SUSPICIOUS_MOVE = YES;
				CLANG_WARN_UNGUARDED_AVAILABILITY = YES_AGGRESSIVE;
				CLANG_WARN_UNREACHABLE_CODE = YES;
				CLANG_WARN__DUPLICATE_METHOD_MATCH = YES;
				COPY_PHASE_STRIP = NO;
				DEBUG_INFORMATION_FORMAT = "dwarf-with-dsym";
				ENABLE_NS_ASSERTIONS = NO;
				ENABLE_STRICT_OBJC_MSGSEND = YES;
				GCC_C_LANGUAGE_STANDARD = gnu11;
				GCC_NO_COMMON_BLOCKS = YES;
				GCC_WARN_64_TO_32_BIT_CONVERSION = YES;
				GCC_WARN_ABOUT_RETURN_TYPE = YES_ERROR;
				GCC_WARN_UNDECLARED_SELECTOR = YES;
				GCC_WARN_UNINITIALIZED_AUTOS = YES_AGGRESSIVE;
				GCC_WARN_UNUSED_FUNCTION = YES;
				GCC_WARN_UNUSED_VARIABLE = YES;
				MTL_ENABLE_DEBUG_INFO = NO;
				MTL_FAST_MATH = YES;
				SWIFT_COMPILATION_MODE = wholemodule;
				SWIFT_OPTIMIZATION_LEVEL = "-O";
			};
			name = Release;
		};
		E20984EF25F778E000011DBD /* Debug */ = {
			isa = XCBuildConfiguration;
			buildSettings = {
				ASSETCATALOG_COMPILER_APPICON_NAME = AppIcon;
				ASSETCATALOG_COMPILER_GLOBAL_ACCENT_COLOR_NAME = AccentColor;
				CODE_SIGN_ENTITLEMENTS = crypto.entitlements;
				CODE_SIGN_STYLE = Automatic;
				DEVELOPMENT_TEAM = VNN8LWX58P;
				ENABLE_PREVIEWS = YES;
				INFOPLIST_FILE = iOS/Info.plist;
				IPHONEOS_DEPLOYMENT_TARGET = 14.0;
				LD_RUNPATH_SEARCH_PATHS = (
					"$(inherited)",
					"@executable_path/Frameworks",
				);
				PRODUCT_BUNDLE_IDENTIFIER = me.tmbr.crypto;
				PRODUCT_NAME = crypto;
				SDKROOT = iphoneos;
				SWIFT_VERSION = 5.0;
				TARGETED_DEVICE_FAMILY = "1,2";
			};
			name = Debug;
		};
		E20984F025F778E000011DBD /* Release */ = {
			isa = XCBuildConfiguration;
			buildSettings = {
				ASSETCATALOG_COMPILER_APPICON_NAME = AppIcon;
				ASSETCATALOG_COMPILER_GLOBAL_ACCENT_COLOR_NAME = AccentColor;
				CODE_SIGN_ENTITLEMENTS = crypto.entitlements;
				CODE_SIGN_STYLE = Automatic;
				DEVELOPMENT_TEAM = VNN8LWX58P;
				ENABLE_PREVIEWS = YES;
				INFOPLIST_FILE = iOS/Info.plist;
				IPHONEOS_DEPLOYMENT_TARGET = 14.0;
				LD_RUNPATH_SEARCH_PATHS = (
					"$(inherited)",
					"@executable_path/Frameworks",
				);
				PRODUCT_BUNDLE_IDENTIFIER = me.tmbr.crypto;
				PRODUCT_NAME = crypto;
				SDKROOT = iphoneos;
				SWIFT_VERSION = 5.0;
				TARGETED_DEVICE_FAMILY = "1,2";
				VALIDATE_PRODUCT = YES;
			};
			name = Release;
		};
		E20984F225F778E000011DBD /* Debug */ = {
			isa = XCBuildConfiguration;
			buildSettings = {
				ASSETCATALOG_COMPILER_APPICON_NAME = AppIcon;
				ASSETCATALOG_COMPILER_GLOBAL_ACCENT_COLOR_NAME = AccentColor;
				CODE_SIGN_ENTITLEMENTS = macOS/macOS.entitlements;
				CODE_SIGN_STYLE = Automatic;
				COMBINE_HIDPI_IMAGES = YES;
				DEVELOPMENT_TEAM = VNN8LWX58P;
				ENABLE_HARDENED_RUNTIME = YES;
				ENABLE_PREVIEWS = YES;
				INFOPLIST_FILE = macOS/Info.plist;
				LD_RUNPATH_SEARCH_PATHS = (
					"$(inherited)",
					"@executable_path/../Frameworks",
				);
				MACOSX_DEPLOYMENT_TARGET = 11.0;
				PRODUCT_BUNDLE_IDENTIFIER = me.tmbr.crypto;
				PRODUCT_NAME = crypto;
				SDKROOT = macosx;
				SWIFT_VERSION = 5.0;
			};
			name = Debug;
		};
		E20984F325F778E000011DBD /* Release */ = {
			isa = XCBuildConfiguration;
			buildSettings = {
				ASSETCATALOG_COMPILER_APPICON_NAME = AppIcon;
				ASSETCATALOG_COMPILER_GLOBAL_ACCENT_COLOR_NAME = AccentColor;
				CODE_SIGN_ENTITLEMENTS = macOS/macOS.entitlements;
				CODE_SIGN_STYLE = Automatic;
				COMBINE_HIDPI_IMAGES = YES;
				DEVELOPMENT_TEAM = VNN8LWX58P;
				ENABLE_HARDENED_RUNTIME = YES;
				ENABLE_PREVIEWS = YES;
				INFOPLIST_FILE = macOS/Info.plist;
				LD_RUNPATH_SEARCH_PATHS = (
					"$(inherited)",
					"@executable_path/../Frameworks",
				);
				MACOSX_DEPLOYMENT_TARGET = 11.0;
				PRODUCT_BUNDLE_IDENTIFIER = me.tmbr.crypto;
				PRODUCT_NAME = crypto;
				SDKROOT = macosx;
				SWIFT_VERSION = 5.0;
			};
			name = Release;
		};
		E20984F525F778E000011DBD /* Debug */ = {
			isa = XCBuildConfiguration;
			buildSettings = {
				ALWAYS_EMBED_SWIFT_STANDARD_LIBRARIES = YES;
				CODE_SIGN_STYLE = Automatic;
				DEVELOPMENT_TEAM = VNN8LWX58P;
				INFOPLIST_FILE = "Tests iOS/Info.plist";
				IPHONEOS_DEPLOYMENT_TARGET = 14.4;
				LD_RUNPATH_SEARCH_PATHS = (
					"$(inherited)",
					"@executable_path/Frameworks",
					"@loader_path/Frameworks",
				);
				PRODUCT_BUNDLE_IDENTIFIER = "me.tmbr.Tests-iOS";
				PRODUCT_NAME = "$(TARGET_NAME)";
				SDKROOT = iphoneos;
				SWIFT_VERSION = 5.0;
				TARGETED_DEVICE_FAMILY = "1,2";
				TEST_TARGET_NAME = "crypto (iOS)";
			};
			name = Debug;
		};
		E20984F625F778E000011DBD /* Release */ = {
			isa = XCBuildConfiguration;
			buildSettings = {
				ALWAYS_EMBED_SWIFT_STANDARD_LIBRARIES = YES;
				CODE_SIGN_STYLE = Automatic;
				DEVELOPMENT_TEAM = VNN8LWX58P;
				INFOPLIST_FILE = "Tests iOS/Info.plist";
				IPHONEOS_DEPLOYMENT_TARGET = 14.4;
				LD_RUNPATH_SEARCH_PATHS = (
					"$(inherited)",
					"@executable_path/Frameworks",
					"@loader_path/Frameworks",
				);
				PRODUCT_BUNDLE_IDENTIFIER = "me.tmbr.Tests-iOS";
				PRODUCT_NAME = "$(TARGET_NAME)";
				SDKROOT = iphoneos;
				SWIFT_VERSION = 5.0;
				TARGETED_DEVICE_FAMILY = "1,2";
				TEST_TARGET_NAME = "crypto (iOS)";
				VALIDATE_PRODUCT = YES;
			};
			name = Release;
		};
		E20984F825F778E000011DBD /* Debug */ = {
			isa = XCBuildConfiguration;
			buildSettings = {
				ALWAYS_EMBED_SWIFT_STANDARD_LIBRARIES = YES;
				CODE_SIGN_STYLE = Automatic;
				COMBINE_HIDPI_IMAGES = YES;
				DEVELOPMENT_TEAM = VNN8LWX58P;
				INFOPLIST_FILE = "Tests macOS/Info.plist";
				LD_RUNPATH_SEARCH_PATHS = (
					"$(inherited)",
					"@executable_path/../Frameworks",
					"@loader_path/../Frameworks",
				);
				MACOSX_DEPLOYMENT_TARGET = 11.1;
				PRODUCT_BUNDLE_IDENTIFIER = "me.tmbr.Tests-macOS";
				PRODUCT_NAME = "$(TARGET_NAME)";
				SDKROOT = macosx;
				SWIFT_VERSION = 5.0;
				TEST_TARGET_NAME = "crypto (macOS)";
			};
			name = Debug;
		};
		E20984F925F778E000011DBD /* Release */ = {
			isa = XCBuildConfiguration;
			buildSettings = {
				ALWAYS_EMBED_SWIFT_STANDARD_LIBRARIES = YES;
				CODE_SIGN_STYLE = Automatic;
				COMBINE_HIDPI_IMAGES = YES;
				DEVELOPMENT_TEAM = VNN8LWX58P;
				INFOPLIST_FILE = "Tests macOS/Info.plist";
				LD_RUNPATH_SEARCH_PATHS = (
					"$(inherited)",
					"@executable_path/../Frameworks",
					"@loader_path/../Frameworks",
				);
				MACOSX_DEPLOYMENT_TARGET = 11.1;
				PRODUCT_BUNDLE_IDENTIFIER = "me.tmbr.Tests-macOS";
				PRODUCT_NAME = "$(TARGET_NAME)";
				SDKROOT = macosx;
				SWIFT_VERSION = 5.0;
				TEST_TARGET_NAME = "crypto (macOS)";
			};
			name = Release;
		};
/* End XCBuildConfiguration section */

/* Begin XCConfigurationList section */
		E20984B425F778DA00011DBD /* Build configuration list for PBXProject "crypto" */ = {
			isa = XCConfigurationList;
			buildConfigurations = (
				E20984EC25F778E000011DBD /* Debug */,
				E20984ED25F778E000011DBD /* Release */,
			);
			defaultConfigurationIsVisible = 0;
			defaultConfigurationName = Release;
		};
		E20984EE25F778E000011DBD /* Build configuration list for PBXNativeTarget "crypto (iOS)" */ = {
			isa = XCConfigurationList;
			buildConfigurations = (
				E20984EF25F778E000011DBD /* Debug */,
				E20984F025F778E000011DBD /* Release */,
			);
			defaultConfigurationIsVisible = 0;
			defaultConfigurationName = Release;
		};
		E20984F125F778E000011DBD /* Build configuration list for PBXNativeTarget "crypto (macOS)" */ = {
			isa = XCConfigurationList;
			buildConfigurations = (
				E20984F225F778E000011DBD /* Debug */,
				E20984F325F778E000011DBD /* Release */,
			);
			defaultConfigurationIsVisible = 0;
			defaultConfigurationName = Release;
		};
		E20984F425F778E000011DBD /* Build configuration list for PBXNativeTarget "Tests iOS" */ = {
			isa = XCConfigurationList;
			buildConfigurations = (
				E20984F525F778E000011DBD /* Debug */,
				E20984F625F778E000011DBD /* Release */,
			);
			defaultConfigurationIsVisible = 0;
			defaultConfigurationName = Release;
		};
		E20984F725F778E000011DBD /* Build configuration list for PBXNativeTarget "Tests macOS" */ = {
			isa = XCConfigurationList;
			buildConfigurations = (
				E20984F825F778E000011DBD /* Debug */,
				E20984F925F778E000011DBD /* Release */,
			);
			defaultConfigurationIsVisible = 0;
			defaultConfigurationName = Release;
		};
/* End XCConfigurationList section */

/* Begin XCRemoteSwiftPackageReference section */
		E277408C2651896000E43B32 /* XCRemoteSwiftPackageReference "swift-composable-architecture" */ = {
			isa = XCRemoteSwiftPackageReference;
			repositoryURL = "https://github.com/pointfreeco/swift-composable-architecture";
			requirement = {
				kind = upToNextMinorVersion;
				minimumVersion = 0.18.0;
			};
		};
/* End XCRemoteSwiftPackageReference section */

/* Begin XCSwiftPackageProductDependency section */
		E21201632601428900414A8D /* Rest */ = {
			isa = XCSwiftPackageProductDependency;
			productName = Rest;
		};
		E21201652601428E00414A8D /* Rest */ = {
			isa = XCSwiftPackageProductDependency;
			productName = Rest;
		};
		E277408D2651896000E43B32 /* ComposableArchitecture */ = {
			isa = XCSwiftPackageProductDependency;
			package = E277408C2651896000E43B32 /* XCRemoteSwiftPackageReference "swift-composable-architecture" */;
			productName = ComposableArchitecture;
		};
		E277409E2653B8F000E43B32 /* ComposableArchitecture */ = {
			isa = XCSwiftPackageProductDependency;
			package = E277408C2651896000E43B32 /* XCRemoteSwiftPackageReference "swift-composable-architecture" */;
			productName = ComposableArchitecture;
		};
		E27905A726146FFA008EE795 /* Binance */ = {
			isa = XCSwiftPackageProductDependency;
			productName = Binance;
		};
		E27905A926146FFF008EE795 /* Binance */ = {
			isa = XCSwiftPackageProductDependency;
			productName = Binance;
		};
/* End XCSwiftPackageProductDependency section */

/* Begin XCVersionGroup section */
		E20984B625F778DA00011DBD /* crypto.xcdatamodeld */ = {
			isa = XCVersionGroup;
			children = (
				E20984B725F778DA00011DBD /* Shared.xcdatamodel */,
			);
			currentVersion = E20984B725F778DA00011DBD /* Shared.xcdatamodel */;
			path = crypto.xcdatamodeld;
			sourceTree = "<group>";
			versionGroupType = wrapper.xcdatamodel;
		};
/* End XCVersionGroup section */
	};
	rootObject = E20984B125F778DA00011DBD /* Project object */;
}
