// !$*UTF8*$!
{
	archiveVersion = 1;
	classes = {
	};
	objectVersion = 50;
	objects = {

/* Begin PBXBuildFile section */
		E20984D525F778E000011DBD /* Tests_iOS.swift in Sources */ = {isa = PBXBuildFile; fileRef = E20984D425F778E000011DBD /* Tests_iOS.swift */; };
		E20984E025F778E000011DBD /* Tests_macOS.swift in Sources */ = {isa = PBXBuildFile; fileRef = E20984DF25F778E000011DBD /* Tests_macOS.swift */; };
		E20984E225F778E000011DBD /* crypto.xcdatamodeld in Sources */ = {isa = PBXBuildFile; fileRef = E20984B625F778DA00011DBD /* crypto.xcdatamodeld */; };
		E20984E325F778E000011DBD /* crypto.xcdatamodeld in Sources */ = {isa = PBXBuildFile; fileRef = E20984B625F778DA00011DBD /* crypto.xcdatamodeld */; };
		E20984E425F778E000011DBD /* cryptoApp.swift in Sources */ = {isa = PBXBuildFile; fileRef = E20984B825F778DA00011DBD /* cryptoApp.swift */; };
		E20984E525F778E000011DBD /* cryptoApp.swift in Sources */ = {isa = PBXBuildFile; fileRef = E20984B825F778DA00011DBD /* cryptoApp.swift */; };
		E20984E625F778E000011DBD /* ContentView.swift in Sources */ = {isa = PBXBuildFile; fileRef = E20984B925F778DA00011DBD /* ContentView.swift */; };
		E20984E725F778E000011DBD /* ContentView.swift in Sources */ = {isa = PBXBuildFile; fileRef = E20984B925F778DA00011DBD /* ContentView.swift */; };
		E20984E825F778E000011DBD /* Persistence.swift in Sources */ = {isa = PBXBuildFile; fileRef = E20984BA25F778DA00011DBD /* Persistence.swift */; };
		E20984E925F778E000011DBD /* Persistence.swift in Sources */ = {isa = PBXBuildFile; fileRef = E20984BA25F778DA00011DBD /* Persistence.swift */; };
		E20984EA25F778E000011DBD /* Assets.xcassets in Resources */ = {isa = PBXBuildFile; fileRef = E20984BB25F778E000011DBD /* Assets.xcassets */; };
		E20984EB25F778E000011DBD /* Assets.xcassets in Resources */ = {isa = PBXBuildFile; fileRef = E20984BB25F778E000011DBD /* Assets.xcassets */; };
/* End PBXBuildFile section */

/* Begin PBXContainerItemProxy section */
		E20984D125F778E000011DBD /* PBXContainerItemProxy */ = {
			isa = PBXContainerItemProxy;
			containerPortal = E20984B125F778DA00011DBD /* Project object */;
			proxyType = 1;
			remoteGlobalIDString = E20984BF25F778E000011DBD;
			remoteInfo = "crypto (iOS)";
		};
		E20984DC25F778E000011DBD /* PBXContainerItemProxy */ = {
			isa = PBXContainerItemProxy;
			containerPortal = E20984B125F778DA00011DBD /* Project object */;
			proxyType = 1;
			remoteGlobalIDString = E20984C725F778E000011DBD;
			remoteInfo = "crypto (macOS)";
		};
/* End PBXContainerItemProxy section */

/* Begin PBXFileReference section */
		E20984B725F778DA00011DBD /* Shared.xcdatamodel */ = {isa = PBXFileReference; lastKnownFileType = wrapper.xcdatamodel; path = Shared.xcdatamodel; sourceTree = "<group>"; };
		E20984B825F778DA00011DBD /* cryptoApp.swift */ = {isa = PBXFileReference; lastKnownFileType = sourcecode.swift; path = cryptoApp.swift; sourceTree = "<group>"; };
		E20984B925F778DA00011DBD /* ContentView.swift */ = {isa = PBXFileReference; lastKnownFileType = sourcecode.swift; path = ContentView.swift; sourceTree = "<group>"; };
		E20984BA25F778DA00011DBD /* Persistence.swift */ = {isa = PBXFileReference; lastKnownFileType = sourcecode.swift; path = Persistence.swift; sourceTree = "<group>"; };
		E20984BB25F778E000011DBD /* Assets.xcassets */ = {isa = PBXFileReference; lastKnownFileType = folder.assetcatalog; path = Assets.xcassets; sourceTree = "<group>"; };
		E20984C025F778E000011DBD /* crypto.app */ = {isa = PBXFileReference; explicitFileType = wrapper.application; includeInIndex = 0; path = crypto.app; sourceTree = BUILT_PRODUCTS_DIR; };
		E20984C325F778E000011DBD /* Info.plist */ = {isa = PBXFileReference; lastKnownFileType = text.plist.xml; path = Info.plist; sourceTree = "<group>"; };
		E20984C825F778E000011DBD /* crypto.app */ = {isa = PBXFileReference; explicitFileType = wrapper.application; includeInIndex = 0; path = crypto.app; sourceTree = BUILT_PRODUCTS_DIR; };
		E20984CA25F778E000011DBD /* Info.plist */ = {isa = PBXFileReference; lastKnownFileType = text.plist.xml; path = Info.plist; sourceTree = "<group>"; };
		E20984CB25F778E000011DBD /* macOS.entitlements */ = {isa = PBXFileReference; lastKnownFileType = text.plist.entitlements; path = macOS.entitlements; sourceTree = "<group>"; };
		E20984D025F778E000011DBD /* Tests iOS.xctest */ = {isa = PBXFileReference; explicitFileType = wrapper.cfbundle; includeInIndex = 0; path = "Tests iOS.xctest"; sourceTree = BUILT_PRODUCTS_DIR; };
		E20984D425F778E000011DBD /* Tests_iOS.swift */ = {isa = PBXFileReference; lastKnownFileType = sourcecode.swift; path = Tests_iOS.swift; sourceTree = "<group>"; };
		E20984D625F778E000011DBD /* Info.plist */ = {isa = PBXFileReference; lastKnownFileType = text.plist.xml; path = Info.plist; sourceTree = "<group>"; };
		E20984DB25F778E000011DBD /* Tests macOS.xctest */ = {isa = PBXFileReference; explicitFileType = wrapper.cfbundle; includeInIndex = 0; path = "Tests macOS.xctest"; sourceTree = BUILT_PRODUCTS_DIR; };
		E20984DF25F778E000011DBD /* Tests_macOS.swift */ = {isa = PBXFileReference; lastKnownFileType = sourcecode.swift; path = Tests_macOS.swift; sourceTree = "<group>"; };
		E20984E125F778E000011DBD /* Info.plist */ = {isa = PBXFileReference; lastKnownFileType = text.plist.xml; path = Info.plist; sourceTree = "<group>"; };
		E209853125F77AC100011DBD /* Rest */ = {isa = PBXFileReference; lastKnownFileType = folder; path = Rest; sourceTree = "<group>"; };
/* End PBXFileReference section */

/* Begin PBXFrameworksBuildPhase section */
		E20984BD25F778E000011DBD /* Frameworks */ = {
			isa = PBXFrameworksBuildPhase;
			buildActionMask = 2147483647;
			files = (
			);
			runOnlyForDeploymentPostprocessing = 0;
		};
		E20984C525F778E000011DBD /* Frameworks */ = {
			isa = PBXFrameworksBuildPhase;
			buildActionMask = 2147483647;
			files = (
			);
			runOnlyForDeploymentPostprocessing = 0;
		};
		E20984CD25F778E000011DBD /* Frameworks */ = {
			isa = PBXFrameworksBuildPhase;
			buildActionMask = 2147483647;
			files = (
			);
			runOnlyForDeploymentPostprocessing = 0;
		};
		E20984D825F778E000011DBD /* Frameworks */ = {
			isa = PBXFrameworksBuildPhase;
			buildActionMask = 2147483647;
			files = (
			);
			runOnlyForDeploymentPostprocessing = 0;
		};
/* End PBXFrameworksBuildPhase section */

/* Begin PBXGroup section */
		E20984B025F778DA00011DBD = {
			isa = PBXGroup;
			children = (
				E209850325F77A0C00011DBD /* Packages */,
				E20984B525F778DA00011DBD /* Shared */,
				E20984C225F778E000011DBD /* iOS */,
				E20984C925F778E000011DBD /* macOS */,
				E20984D325F778E000011DBD /* Tests iOS */,
				E20984DE25F778E000011DBD /* Tests macOS */,
				E20984C125F778E000011DBD /* Products */,
			);
			sourceTree = "<group>";
		};
		E20984B525F778DA00011DBD /* Shared */ = {
			isa = PBXGroup;
			children = (
				E20984B825F778DA00011DBD /* cryptoApp.swift */,
				E20984B925F778DA00011DBD /* ContentView.swift */,
				E20984BA25F778DA00011DBD /* Persistence.swift */,
				E20984BB25F778E000011DBD /* Assets.xcassets */,
				E20984B625F778DA00011DBD /* crypto.xcdatamodeld */,
			);
			path = Shared;
			sourceTree = "<group>";
		};
		E20984C125F778E000011DBD /* Products */ = {
			isa = PBXGroup;
			children = (
				E20984C025F778E000011DBD /* crypto.app */,
				E20984C825F778E000011DBD /* crypto.app */,
				E20984D025F778E000011DBD /* Tests iOS.xctest */,
				E20984DB25F778E000011DBD /* Tests macOS.xctest */,
			);
			name = Products;
			sourceTree = "<group>";
		};
		E20984C225F778E000011DBD /* iOS */ = {
			isa = PBXGroup;
			children = (
				E20984C325F778E000011DBD /* Info.plist */,
			);
			path = iOS;
			sourceTree = "<group>";
		};
		E20984C925F778E000011DBD /* macOS */ = {
			isa = PBXGroup;
			children = (
				E20984CA25F778E000011DBD /* Info.plist */,
				E20984CB25F778E000011DBD /* macOS.entitlements */,
			);
			path = macOS;
			sourceTree = "<group>";
		};
		E20984D325F778E000011DBD /* Tests iOS */ = {
			isa = PBXGroup;
			children = (
				E20984D425F778E000011DBD /* Tests_iOS.swift */,
				E20984D625F778E000011DBD /* Info.plist */,
			);
			path = "Tests iOS";
			sourceTree = "<group>";
		};
		E20984DE25F778E000011DBD /* Tests macOS */ = {
			isa = PBXGroup;
			children = (
				E20984DF25F778E000011DBD /* Tests_macOS.swift */,
				E20984E125F778E000011DBD /* Info.plist */,
			);
			path = "Tests macOS";
			sourceTree = "<group>";
		};
		E209850325F77A0C00011DBD /* Packages */ = {
			isa = PBXGroup;
			children = (
				E209853125F77AC100011DBD /* Rest */,
			);
			path = Packages;
			sourceTree = "<group>";
		};
/* End PBXGroup section */

/* Begin PBXNativeTarget section */
		E20984BF25F778E000011DBD /* crypto (iOS) */ = {
			isa = PBXNativeTarget;
			buildConfigurationList = E20984EE25F778E000011DBD /* Build configuration list for PBXNativeTarget "crypto (iOS)" */;
			buildPhases = (
				E20984BC25F778E000011DBD /* Sources */,
				E20984BD25F778E000011DBD /* Frameworks */,
				E20984BE25F778E000011DBD /* Resources */,
			);
			buildRules = (
			);
			dependencies = (
			);
			name = "crypto (iOS)";
			productName = "crypto (iOS)";
			productReference = E20984C025F778E000011DBD /* crypto.app */;
			productType = "com.apple.product-type.application";
		};
		E20984C725F778E000011DBD /* crypto (macOS) */ = {
			isa = PBXNativeTarget;
			buildConfigurationList = E20984F125F778E000011DBD /* Build configuration list for PBXNativeTarget "crypto (macOS)" */;
			buildPhases = (
				E20984C425F778E000011DBD /* Sources */,
				E20984C525F778E000011DBD /* Frameworks */,
				E20984C625F778E000011DBD /* Resources */,
			);
			buildRules = (
			);
			dependencies = (
			);
			name = "crypto (macOS)";
			productName = "crypto (macOS)";
			productReference = E20984C825F778E000011DBD /* crypto.app */;
			productType = "com.apple.product-type.application";
		};
		E20984CF25F778E000011DBD /* Tests iOS */ = {
			isa = PBXNativeTarget;
			buildConfigurationList = E20984F425F778E000011DBD /* Build configuration list for PBXNativeTarget "Tests iOS" */;
			buildPhases = (
				E20984CC25F778E000011DBD /* Sources */,
				E20984CD25F778E000011DBD /* Frameworks */,
				E20984CE25F778E000011DBD /* Resources */,
			);
			buildRules = (
			);
			dependencies = (
				E20984D225F778E000011DBD /* PBXTargetDependency */,
			);
			name = "Tests iOS";
			productName = "Tests iOS";
			productReference = E20984D025F778E000011DBD /* Tests iOS.xctest */;
			productType = "com.apple.product-type.bundle.ui-testing";
		};
		E20984DA25F778E000011DBD /* Tests macOS */ = {
			isa = PBXNativeTarget;
			buildConfigurationList = E20984F725F778E000011DBD /* Build configuration list for PBXNativeTarget "Tests macOS" */;
			buildPhases = (
				E20984D725F778E000011DBD /* Sources */,
				E20984D825F778E000011DBD /* Frameworks */,
				E20984D925F778E000011DBD /* Resources */,
			);
			buildRules = (
			);
			dependencies = (
				E20984DD25F778E000011DBD /* PBXTargetDependency */,
			);
			name = "Tests macOS";
			productName = "Tests macOS";
			productReference = E20984DB25F778E000011DBD /* Tests macOS.xctest */;
			productType = "com.apple.product-type.bundle.ui-testing";
		};
/* End PBXNativeTarget section */

/* Begin PBXProject section */
		E20984B125F778DA00011DBD /* Project object */ = {
			isa = PBXProject;
			attributes = {
				LastSwiftUpdateCheck = 1240;
				LastUpgradeCheck = 1240;
				TargetAttributes = {
					E20984BF25F778E000011DBD = {
						CreatedOnToolsVersion = 12.4;
					};
					E20984C725F778E000011DBD = {
						CreatedOnToolsVersion = 12.4;
					};
					E20984CF25F778E000011DBD = {
						CreatedOnToolsVersion = 12.4;
						TestTargetID = E20984BF25F778E000011DBD;
					};
					E20984DA25F778E000011DBD = {
						CreatedOnToolsVersion = 12.4;
						TestTargetID = E20984C725F778E000011DBD;
					};
				};
			};
			buildConfigurationList = E20984B425F778DA00011DBD /* Build configuration list for PBXProject "crypto" */;
			compatibilityVersion = "Xcode 9.3";
			developmentRegion = en;
			hasScannedForEncodings = 0;
			knownRegions = (
				en,
				Base,
			);
			mainGroup = E20984B025F778DA00011DBD;
			productRefGroup = E20984C125F778E000011DBD /* Products */;
			projectDirPath = "";
			projectRoot = "";
			targets = (
				E20984BF25F778E000011DBD /* crypto (iOS) */,
				E20984C725F778E000011DBD /* crypto (macOS) */,
				E20984CF25F778E000011DBD /* Tests iOS */,
				E20984DA25F778E000011DBD /* Tests macOS */,
			);
		};
/* End PBXProject section */

/* Begin PBXResourcesBuildPhase section */
		E20984BE25F778E000011DBD /* Resources */ = {
			isa = PBXResourcesBuildPhase;
			buildActionMask = 2147483647;
			files = (
				E20984EA25F778E000011DBD /* Assets.xcassets in Resources */,
			);
			runOnlyForDeploymentPostprocessing = 0;
		};
		E20984C625F778E000011DBD /* Resources */ = {
			isa = PBXResourcesBuildPhase;
			buildActionMask = 2147483647;
			files = (
				E20984EB25F778E000011DBD /* Assets.xcassets in Resources */,
			);
			runOnlyForDeploymentPostprocessing = 0;
		};
		E20984CE25F778E000011DBD /* Resources */ = {
			isa = PBXResourcesBuildPhase;
			buildActionMask = 2147483647;
			files = (
			);
			runOnlyForDeploymentPostprocessing = 0;
		};
		E20984D925F778E000011DBD /* Resources */ = {
			isa = PBXResourcesBuildPhase;
			buildActionMask = 2147483647;
			files = (
			);
			runOnlyForDeploymentPostprocessing = 0;
		};
/* End PBXResourcesBuildPhase section */

/* Begin PBXSourcesBuildPhase section */
		E20984BC25F778E000011DBD /* Sources */ = {
			isa = PBXSourcesBuildPhase;
			buildActionMask = 2147483647;
			files = (
				E20984E425F778E000011DBD /* cryptoApp.swift in Sources */,
				E20984E825F778E000011DBD /* Persistence.swift in Sources */,
				E20984E225F778E000011DBD /* crypto.xcdatamodeld in Sources */,
				E20984E625F778E000011DBD /* ContentView.swift in Sources */,
			);
			runOnlyForDeploymentPostprocessing = 0;
		};
		E20984C425F778E000011DBD /* Sources */ = {
			isa = PBXSourcesBuildPhase;
			buildActionMask = 2147483647;
			files = (
				E20984E525F778E000011DBD /* cryptoApp.swift in Sources */,
				E20984E925F778E000011DBD /* Persistence.swift in Sources */,
				E20984E325F778E000011DBD /* crypto.xcdatamodeld in Sources */,
				E20984E725F778E000011DBD /* ContentView.swift in Sources */,
			);
			runOnlyForDeploymentPostprocessing = 0;
		};
		E20984CC25F778E000011DBD /* Sources */ = {
			isa = PBXSourcesBuildPhase;
			buildActionMask = 2147483647;
			files = (
				E20984D525F778E000011DBD /* Tests_iOS.swift in Sources */,
			);
			runOnlyForDeploymentPostprocessing = 0;
		};
		E20984D725F778E000011DBD /* Sources */ = {
			isa = PBXSourcesBuildPhase;
			buildActionMask = 2147483647;
			files = (
				E20984E025F778E000011DBD /* Tests_macOS.swift in Sources */,
			);
			runOnlyForDeploymentPostprocessing = 0;
		};
/* End PBXSourcesBuildPhase section */

/* Begin PBXTargetDependency section */
		E20984D225F778E000011DBD /* PBXTargetDependency */ = {
			isa = PBXTargetDependency;
			target = E20984BF25F778E000011DBD /* crypto (iOS) */;
			targetProxy = E20984D125F778E000011DBD /* PBXContainerItemProxy */;
		};
		E20984DD25F778E000011DBD /* PBXTargetDependency */ = {
			isa = PBXTargetDependency;
			target = E20984C725F778E000011DBD /* crypto (macOS) */;
			targetProxy = E20984DC25F778E000011DBD /* PBXContainerItemProxy */;
		};
/* End PBXTargetDependency section */

/* Begin XCBuildConfiguration section */
		E20984EC25F778E000011DBD /* Debug */ = {
			isa = XCBuildConfiguration;
			buildSettings = {
				ALWAYS_SEARCH_USER_PATHS = NO;
				CLANG_ANALYZER_NONNULL = YES;
				CLANG_ANALYZER_NUMBER_OBJECT_CONVERSION = YES_AGGRESSIVE;
				CLANG_CXX_LANGUAGE_STANDARD = "gnu++14";
				CLANG_CXX_LIBRARY = "libc++";
				CLANG_ENABLE_MODULES = YES;
				CLANG_ENABLE_OBJC_ARC = YES;
				CLANG_ENABLE_OBJC_WEAK = YES;
				CLANG_WARN_BLOCK_CAPTURE_AUTORELEASING = YES;
				CLANG_WARN_BOOL_CONVERSION = YES;
				CLANG_WARN_COMMA = YES;
				CLANG_WARN_CONSTANT_CONVERSION = YES;
				CLANG_WARN_DEPRECATED_OBJC_IMPLEMENTATIONS = YES;
				CLANG_WARN_DIRECT_OBJC_ISA_USAGE = YES_ERROR;
				CLANG_WARN_DOCUMENTATION_COMMENTS = YES;
				CLANG_WARN_EMPTY_BODY = YES;
				CLANG_WARN_ENUM_CONVERSION = YES;
				CLANG_WARN_INFINITE_RECURSION = YES;
				CLANG_WARN_INT_CONVERSION = YES;
				CLANG_WARN_NON_LITERAL_NULL_CONVERSION = YES;
				CLANG_WARN_OBJC_IMPLICIT_RETAIN_SELF = YES;
				CLANG_WARN_OBJC_LITERAL_CONVERSION = YES;
				CLANG_WARN_OBJC_ROOT_CLASS = YES_ERROR;
				CLANG_WARN_QUOTED_INCLUDE_IN_FRAMEWORK_HEADER = YES;
				CLANG_WARN_RANGE_LOOP_ANALYSIS = YES;
				CLANG_WARN_STRICT_PROTOTYPES = YES;
				CLANG_WARN_SUSPICIOUS_MOVE = YES;
				CLANG_WARN_UNGUARDED_AVAILABILITY = YES_AGGRESSIVE;
				CLANG_WARN_UNREACHABLE_CODE = YES;
				CLANG_WARN__DUPLICATE_METHOD_MATCH = YES;
				COPY_PHASE_STRIP = NO;
				DEBUG_INFORMATION_FORMAT = dwarf;
				ENABLE_STRICT_OBJC_MSGSEND = YES;
				ENABLE_TESTABILITY = YES;
				GCC_C_LANGUAGE_STANDARD = gnu11;
				GCC_DYNAMIC_NO_PIC = NO;
				GCC_NO_COMMON_BLOCKS = YES;
				GCC_OPTIMIZATION_LEVEL = 0;
				GCC_PREPROCESSOR_DEFINITIONS = (
					"DEBUG=1",
					"$(inherited)",
				);
				GCC_WARN_64_TO_32_BIT_CONVERSION = YES;
				GCC_WARN_ABOUT_RETURN_TYPE = YES_ERROR;
				GCC_WARN_UNDECLARED_SELECTOR = YES;
				GCC_WARN_UNINITIALIZED_AUTOS = YES_AGGRESSIVE;
				GCC_WARN_UNUSED_FUNCTION = YES;
				GCC_WARN_UNUSED_VARIABLE = YES;
				MTL_ENABLE_DEBUG_INFO = INCLUDE_SOURCE;
				MTL_FAST_MATH = YES;
				ONLY_ACTIVE_ARCH = YES;
				SWIFT_ACTIVE_COMPILATION_CONDITIONS = DEBUG;
				SWIFT_OPTIMIZATION_LEVEL = "-Onone";
			};
			name = Debug;
		};
		E20984ED25F778E000011DBD /* Release */ = {
			isa = XCBuildConfiguration;
			buildSettings = {
				ALWAYS_SEARCH_USER_PATHS = NO;
				CLANG_ANALYZER_NONNULL = YES;
				CLANG_ANALYZER_NUMBER_OBJECT_CONVERSION = YES_AGGRESSIVE;
				CLANG_CXX_LANGUAGE_STANDARD = "gnu++14";
				CLANG_CXX_LIBRARY = "libc++";
				CLANG_ENABLE_MODULES = YES;
				CLANG_ENABLE_OBJC_ARC = YES;
				CLANG_ENABLE_OBJC_WEAK = YES;
				CLANG_WARN_BLOCK_CAPTURE_AUTORELEASING = YES;
				CLANG_WARN_BOOL_CONVERSION = YES;
				CLANG_WARN_COMMA = YES;
				CLANG_WARN_CONSTANT_CONVERSION = YES;
				CLANG_WARN_DEPRECATED_OBJC_IMPLEMENTATIONS = YES;
				CLANG_WARN_DIRECT_OBJC_ISA_USAGE = YES_ERROR;
				CLANG_WARN_DOCUMENTATION_COMMENTS = YES;
				CLANG_WARN_EMPTY_BODY = YES;
				CLANG_WARN_ENUM_CONVERSION = YES;
				CLANG_WARN_INFINITE_RECURSION = YES;
				CLANG_WARN_INT_CONVERSION = YES;
				CLANG_WARN_NON_LITERAL_NULL_CONVERSION = YES;
				CLANG_WARN_OBJC_IMPLICIT_RETAIN_SELF = YES;
				CLANG_WARN_OBJC_LITERAL_CONVERSION = YES;
				CLANG_WARN_OBJC_ROOT_CLASS = YES_ERROR;
				CLANG_WARN_QUOTED_INCLUDE_IN_FRAMEWORK_HEADER = YES;
				CLANG_WARN_RANGE_LOOP_ANALYSIS = YES;
				CLANG_WARN_STRICT_PROTOTYPES = YES;
				CLANG_WARN_SUSPICIOUS_MOVE = YES;
				CLANG_WARN_UNGUARDED_AVAILABILITY = YES_AGGRESSIVE;
				CLANG_WARN_UNREACHABLE_CODE = YES;
				CLANG_WARN__DUPLICATE_METHOD_MATCH = YES;
				COPY_PHASE_STRIP = NO;
				DEBUG_INFORMATION_FORMAT = "dwarf-with-dsym";
				ENABLE_NS_ASSERTIONS = NO;
				ENABLE_STRICT_OBJC_MSGSEND = YES;
				GCC_C_LANGUAGE_STANDARD = gnu11;
				GCC_NO_COMMON_BLOCKS = YES;
				GCC_WARN_64_TO_32_BIT_CONVERSION = YES;
				GCC_WARN_ABOUT_RETURN_TYPE = YES_ERROR;
				GCC_WARN_UNDECLARED_SELECTOR = YES;
				GCC_WARN_UNINITIALIZED_AUTOS = YES_AGGRESSIVE;
				GCC_WARN_UNUSED_FUNCTION = YES;
				GCC_WARN_UNUSED_VARIABLE = YES;
				MTL_ENABLE_DEBUG_INFO = NO;
				MTL_FAST_MATH = YES;
				SWIFT_COMPILATION_MODE = wholemodule;
				SWIFT_OPTIMIZATION_LEVEL = "-O";
			};
			name = Release;
		};
		E20984EF25F778E000011DBD /* Debug */ = {
			isa = XCBuildConfiguration;
			buildSettings = {
				ASSETCATALOG_COMPILER_APPICON_NAME = AppIcon;
				ASSETCATALOG_COMPILER_GLOBAL_ACCENT_COLOR_NAME = AccentColor;
				CODE_SIGN_STYLE = Automatic;
				DEVELOPMENT_TEAM = VNN8LWX58P;
				ENABLE_PREVIEWS = YES;
				INFOPLIST_FILE = iOS/Info.plist;
				IPHONEOS_DEPLOYMENT_TARGET = 14.0;
				LD_RUNPATH_SEARCH_PATHS = (
					"$(inherited)",
					"@executable_path/Frameworks",
				);
				PRODUCT_BUNDLE_IDENTIFIER = me.tmbr.crypto;
				PRODUCT_NAME = crypto;
				SDKROOT = iphoneos;
				SWIFT_VERSION = 5.0;
				TARGETED_DEVICE_FAMILY = "1,2";
			};
			name = Debug;
		};
		E20984F025F778E000011DBD /* Release */ = {
			isa = XCBuildConfiguration;
			buildSettings = {
				ASSETCATALOG_COMPILER_APPICON_NAME = AppIcon;
				ASSETCATALOG_COMPILER_GLOBAL_ACCENT_COLOR_NAME = AccentColor;
				CODE_SIGN_STYLE = Automatic;
				DEVELOPMENT_TEAM = VNN8LWX58P;
				ENABLE_PREVIEWS = YES;
				INFOPLIST_FILE = iOS/Info.plist;
				IPHONEOS_DEPLOYMENT_TARGET = 14.0;
				LD_RUNPATH_SEARCH_PATHS = (
					"$(inherited)",
					"@executable_path/Frameworks",
				);
				PRODUCT_BUNDLE_IDENTIFIER = me.tmbr.crypto;
				PRODUCT_NAME = crypto;
				SDKROOT = iphoneos;
				SWIFT_VERSION = 5.0;
				TARGETED_DEVICE_FAMILY = "1,2";
				VALIDATE_PRODUCT = YES;
			};
			name = Release;
		};
		E20984F225F778E000011DBD /* Debug */ = {
			isa = XCBuildConfiguration;
			buildSettings = {
				ASSETCATALOG_COMPILER_APPICON_NAME = AppIcon;
				ASSETCATALOG_COMPILER_GLOBAL_ACCENT_COLOR_NAME = AccentColor;
				CODE_SIGN_ENTITLEMENTS = macOS/macOS.entitlements;
				CODE_SIGN_STYLE = Automatic;
				COMBINE_HIDPI_IMAGES = YES;
				DEVELOPMENT_TEAM = VNN8LWX58P;
				ENABLE_HARDENED_RUNTIME = YES;
				ENABLE_PREVIEWS = YES;
				INFOPLIST_FILE = macOS/Info.plist;
				LD_RUNPATH_SEARCH_PATHS = (
					"$(inherited)",
					"@executable_path/../Frameworks",
				);
				MACOSX_DEPLOYMENT_TARGET = 11.0;
				PRODUCT_BUNDLE_IDENTIFIER = me.tmbr.crypto;
				PRODUCT_NAME = crypto;
				SDKROOT = macosx;
				SWIFT_VERSION = 5.0;
			};
			name = Debug;
		};
		E20984F325F778E000011DBD /* Release */ = {
			isa = XCBuildConfiguration;
			buildSettings = {
				ASSETCATALOG_COMPILER_APPICON_NAME = AppIcon;
				ASSETCATALOG_COMPILER_GLOBAL_ACCENT_COLOR_NAME = AccentColor;
				CODE_SIGN_ENTITLEMENTS = macOS/macOS.entitlements;
				CODE_SIGN_STYLE = Automatic;
				COMBINE_HIDPI_IMAGES = YES;
				DEVELOPMENT_TEAM = VNN8LWX58P;
				ENABLE_HARDENED_RUNTIME = YES;
				ENABLE_PREVIEWS = YES;
				INFOPLIST_FILE = macOS/Info.plist;
				LD_RUNPATH_SEARCH_PATHS = (
					"$(inherited)",
					"@executable_path/../Frameworks",
				);
				MACOSX_DEPLOYMENT_TARGET = 11.0;
				PRODUCT_BUNDLE_IDENTIFIER = me.tmbr.crypto;
				PRODUCT_NAME = crypto;
				SDKROOT = macosx;
				SWIFT_VERSION = 5.0;
			};
			name = Release;
		};
		E20984F525F778E000011DBD /* Debug */ = {
			isa = XCBuildConfiguration;
			buildSettings = {
				ALWAYS_EMBED_SWIFT_STANDARD_LIBRARIES = YES;
				CODE_SIGN_STYLE = Automatic;
				DEVELOPMENT_TEAM = VNN8LWX58P;
				INFOPLIST_FILE = "Tests iOS/Info.plist";
				IPHONEOS_DEPLOYMENT_TARGET = 14.4;
				LD_RUNPATH_SEARCH_PATHS = (
					"$(inherited)",
					"@executable_path/Frameworks",
					"@loader_path/Frameworks",
				);
				PRODUCT_BUNDLE_IDENTIFIER = "me.tmbr.Tests-iOS";
				PRODUCT_NAME = "$(TARGET_NAME)";
				SDKROOT = iphoneos;
				SWIFT_VERSION = 5.0;
				TARGETED_DEVICE_FAMILY = "1,2";
				TEST_TARGET_NAME = "crypto (iOS)";
			};
			name = Debug;
		};
		E20984F625F778E000011DBD /* Release */ = {
			isa = XCBuildConfiguration;
			buildSettings = {
				ALWAYS_EMBED_SWIFT_STANDARD_LIBRARIES = YES;
				CODE_SIGN_STYLE = Automatic;
				DEVELOPMENT_TEAM = VNN8LWX58P;
				INFOPLIST_FILE = "Tests iOS/Info.plist";
				IPHONEOS_DEPLOYMENT_TARGET = 14.4;
				LD_RUNPATH_SEARCH_PATHS = (
					"$(inherited)",
					"@executable_path/Frameworks",
					"@loader_path/Frameworks",
				);
				PRODUCT_BUNDLE_IDENTIFIER = "me.tmbr.Tests-iOS";
				PRODUCT_NAME = "$(TARGET_NAME)";
				SDKROOT = iphoneos;
				SWIFT_VERSION = 5.0;
				TARGETED_DEVICE_FAMILY = "1,2";
				TEST_TARGET_NAME = "crypto (iOS)";
				VALIDATE_PRODUCT = YES;
			};
			name = Release;
		};
		E20984F825F778E000011DBD /* Debug */ = {
			isa = XCBuildConfiguration;
			buildSettings = {
				ALWAYS_EMBED_SWIFT_STANDARD_LIBRARIES = YES;
				CODE_SIGN_STYLE = Automatic;
				COMBINE_HIDPI_IMAGES = YES;
				DEVELOPMENT_TEAM = VNN8LWX58P;
				INFOPLIST_FILE = "Tests macOS/Info.plist";
				LD_RUNPATH_SEARCH_PATHS = (
					"$(inherited)",
					"@executable_path/../Frameworks",
					"@loader_path/../Frameworks",
				);
				MACOSX_DEPLOYMENT_TARGET = 11.1;
				PRODUCT_BUNDLE_IDENTIFIER = "me.tmbr.Tests-macOS";
				PRODUCT_NAME = "$(TARGET_NAME)";
				SDKROOT = macosx;
				SWIFT_VERSION = 5.0;
				TEST_TARGET_NAME = "crypto (macOS)";
			};
			name = Debug;
		};
		E20984F925F778E000011DBD /* Release */ = {
			isa = XCBuildConfiguration;
			buildSettings = {
				ALWAYS_EMBED_SWIFT_STANDARD_LIBRARIES = YES;
				CODE_SIGN_STYLE = Automatic;
				COMBINE_HIDPI_IMAGES = YES;
				DEVELOPMENT_TEAM = VNN8LWX58P;
				INFOPLIST_FILE = "Tests macOS/Info.plist";
				LD_RUNPATH_SEARCH_PATHS = (
					"$(inherited)",
					"@executable_path/../Frameworks",
					"@loader_path/../Frameworks",
				);
				MACOSX_DEPLOYMENT_TARGET = 11.1;
				PRODUCT_BUNDLE_IDENTIFIER = "me.tmbr.Tests-macOS";
				PRODUCT_NAME = "$(TARGET_NAME)";
				SDKROOT = macosx;
				SWIFT_VERSION = 5.0;
				TEST_TARGET_NAME = "crypto (macOS)";
			};
			name = Release;
		};
/* End XCBuildConfiguration section */

/* Begin XCConfigurationList section */
		E20984B425F778DA00011DBD /* Build configuration list for PBXProject "crypto" */ = {
			isa = XCConfigurationList;
			buildConfigurations = (
				E20984EC25F778E000011DBD /* Debug */,
				E20984ED25F778E000011DBD /* Release */,
			);
			defaultConfigurationIsVisible = 0;
			defaultConfigurationName = Release;
		};
		E20984EE25F778E000011DBD /* Build configuration list for PBXNativeTarget "crypto (iOS)" */ = {
			isa = XCConfigurationList;
			buildConfigurations = (
				E20984EF25F778E000011DBD /* Debug */,
				E20984F025F778E000011DBD /* Release */,
			);
			defaultConfigurationIsVisible = 0;
			defaultConfigurationName = Release;
		};
		E20984F125F778E000011DBD /* Build configuration list for PBXNativeTarget "crypto (macOS)" */ = {
			isa = XCConfigurationList;
			buildConfigurations = (
				E20984F225F778E000011DBD /* Debug */,
				E20984F325F778E000011DBD /* Release */,
			);
			defaultConfigurationIsVisible = 0;
			defaultConfigurationName = Release;
		};
		E20984F425F778E000011DBD /* Build configuration list for PBXNativeTarget "Tests iOS" */ = {
			isa = XCConfigurationList;
			buildConfigurations = (
				E20984F525F778E000011DBD /* Debug */,
				E20984F625F778E000011DBD /* Release */,
			);
			defaultConfigurationIsVisible = 0;
			defaultConfigurationName = Release;
		};
		E20984F725F778E000011DBD /* Build configuration list for PBXNativeTarget "Tests macOS" */ = {
			isa = XCConfigurationList;
			buildConfigurations = (
				E20984F825F778E000011DBD /* Debug */,
				E20984F925F778E000011DBD /* Release */,
			);
			defaultConfigurationIsVisible = 0;
			defaultConfigurationName = Release;
		};
/* End XCConfigurationList section */

/* Begin XCVersionGroup section */
		E20984B625F778DA00011DBD /* crypto.xcdatamodeld */ = {
			isa = XCVersionGroup;
			children = (
				E20984B725F778DA00011DBD /* Shared.xcdatamodel */,
			);
			currentVersion = E20984B725F778DA00011DBD /* Shared.xcdatamodel */;
			path = crypto.xcdatamodeld;
			sourceTree = "<group>";
			versionGroupType = wrapper.xcdatamodel;
		};
/* End XCVersionGroup section */
	};
	rootObject = E20984B125F778DA00011DBD /* Project object */;
}
